{
  "version": 4,
  "terraform_version": "1.4.5",
  "serial": 0,
  "lineage": "",
  "outputs": {},
  "resources": [
    {
      "module": "module.prod.module.dsc_prod_vpc",
      "mode": "data",
      "type": "aws_availability_zones",
      "name": "available",
      "provider": "provider[\"registry.terraform.io/hashicorp/aws\"]",
      "instances": [
        {
          "schema_version": 0,
          "attributes": {
            "all_availability_zones": null,
            "exclude_names": null,
            "exclude_zone_ids": null,
            "filter": null,
            "group_names": [
              "ap-northeast-2"
            ],
            "id": "ap-northeast-2",
            "names": [
              "ap-northeast-2a",
              "ap-northeast-2b",
              "ap-northeast-2c",
              "ap-northeast-2d"
            ],
            "state": "available",
            "timeouts": null,
            "zone_ids": [
              "apne2-az1",
              "apne2-az2",
              "apne2-az3",
              "apne2-az4"
            ]
          },
          "sensitive_attributes": []
        }
      ]
    },
    {
      "module": "module.prod.module.dsc_prod_vpc",
      "mode": "managed",
      "type": "aws_internet_gateway",
      "name": "igw",
      "provider": "provider[\"registry.terraform.io/hashicorp/aws\"]",
      "instances": [
        {
          "schema_version": 0,
          "attributes": {
            "arn": "arn:aws:ec2:ap-northeast-2:013969630346:internet-gateway/igw-0d436aa42565c270b",
            "id": "igw-0d436aa42565c270b",
            "owner_id": "013969630346",
            "tags": {
              "Name": "prod_vpc-igw"
            },
            "tags_all": {
              "Name": "prod_vpc-igw"
            },
            "timeouts": null,
            "vpc_id": "vpc-00fd4a3ed23c9860c"
          },
          "sensitive_attributes": [],
          "private": "eyJlMmJmYjczMC1lY2FhLTExZTYtOGY4OC0zNDM2M2JjN2M0YzAiOnsiY3JlYXRlIjoxMjAwMDAwMDAwMDAwLCJkZWxldGUiOjEyMDAwMDAwMDAwMDAsInVwZGF0ZSI6MTIwMDAwMDAwMDAwMH19",
          "dependencies": [
            "module.prod.module.dsc_prod_vpc.aws_vpc.vpc"
          ]
        }
      ]
    },
    {
      "module": "module.prod.module.dsc_prod_vpc",
      "mode": "managed",
      "type": "aws_nat_gateway",
      "name": "nat",
      "provider": "provider[\"registry.terraform.io/hashicorp/aws\"]",
      "instances": []
    },
    {
      "module": "module.prod.module.dsc_prod_vpc",
      "mode": "managed",
      "type": "aws_network_acl",
      "name": "private",
      "provider": "provider[\"registry.terraform.io/hashicorp/aws\"]",
      "instances": [
        {
          "schema_version": 0,
          "attributes": {
            "arn": "arn:aws:ec2:ap-northeast-2:013969630346:network-acl/acl-0f9edfbf563e50e14",
            "egress": [],
            "id": "acl-0f9edfbf563e50e14",
            "ingress": [],
            "owner_id": "013969630346",
            "subnet_ids": [],
            "tags": {
              "Name": "prod_vpc-acl-private"
            },
            "tags_all": {
              "Name": "prod_vpc-acl-private"
            },
            "vpc_id": "vpc-00fd4a3ed23c9860c"
          },
          "sensitive_attributes": [],
          "private": "bnVsbA==",
          "dependencies": [
            "module.prod.module.dsc_prod_vpc.aws_vpc.vpc"
          ]
        }
      ]
    },
    {
      "module": "module.prod.module.dsc_prod_vpc",
      "mode": "managed",
      "type": "aws_network_acl",
      "name": "public",
      "provider": "provider[\"registry.terraform.io/hashicorp/aws\"]",
      "instances": [
        {
          "schema_version": 0,
          "attributes": {
            "arn": "arn:aws:ec2:ap-northeast-2:013969630346:network-acl/acl-0d8230e842a6d5f3c",
            "egress": [],
            "id": "acl-0d8230e842a6d5f3c",
            "ingress": [],
            "owner_id": "013969630346",
            "subnet_ids": [],
            "tags": {
              "Name": "prod_vpc-acl-public"
            },
            "tags_all": {
              "Name": "prod_vpc-acl-public"
            },
            "vpc_id": "vpc-00fd4a3ed23c9860c"
          },
          "sensitive_attributes": [],
          "private": "bnVsbA==",
          "dependencies": [
            "module.prod.module.dsc_prod_vpc.aws_vpc.vpc"
          ]
        }
      ]
    },
    {
      "module": "module.prod.module.dsc_prod_vpc",
      "mode": "managed",
      "type": "aws_network_acl_association",
      "name": "private",
      "provider": "provider[\"registry.terraform.io/hashicorp/aws\"]",
      "instances": [
        {
          "index_key": 0,
          "schema_version": 0,
          "attributes": {
            "id": "aclassoc-0873f41a8a7e26077",
            "network_acl_id": "acl-0f9edfbf563e50e14",
            "subnet_id": "subnet-05383b97cc3d5989e"
          },
          "sensitive_attributes": [],
          "private": "bnVsbA==",
          "dependencies": [
            "module.prod.module.dsc_prod_vpc.aws_network_acl.private",
            "module.prod.module.dsc_prod_vpc.aws_subnet.private",
            "module.prod.module.dsc_prod_vpc.aws_vpc.vpc",
            "module.prod.module.dsc_prod_vpc.data.aws_availability_zones.available"
          ]
        },
        {
          "index_key": 1,
          "schema_version": 0,
          "attributes": {
            "id": "aclassoc-06fb55e95cb925448",
            "network_acl_id": "acl-0f9edfbf563e50e14",
            "subnet_id": "subnet-0c4be3c8c0aa443ce"
          },
          "sensitive_attributes": [],
          "private": "bnVsbA==",
          "dependencies": [
            "module.prod.module.dsc_prod_vpc.aws_network_acl.private",
            "module.prod.module.dsc_prod_vpc.aws_subnet.private",
            "module.prod.module.dsc_prod_vpc.aws_vpc.vpc",
            "module.prod.module.dsc_prod_vpc.data.aws_availability_zones.available"
          ]
        },
        {
          "index_key": 2,
          "schema_version": 0,
          "attributes": {
            "id": "aclassoc-0b5cd0ec572fbca58",
            "network_acl_id": "acl-0f9edfbf563e50e14",
            "subnet_id": "subnet-0ae45e081075d79a9"
          },
          "sensitive_attributes": [],
          "private": "bnVsbA==",
          "dependencies": [
            "module.prod.module.dsc_prod_vpc.aws_network_acl.private",
            "module.prod.module.dsc_prod_vpc.aws_subnet.private",
            "module.prod.module.dsc_prod_vpc.aws_vpc.vpc",
            "module.prod.module.dsc_prod_vpc.data.aws_availability_zones.available"
          ]
        }
      ]
    },
    {
      "module": "module.prod.module.dsc_prod_vpc",
      "mode": "managed",
      "type": "aws_network_acl_association",
      "name": "public",
      "provider": "provider[\"registry.terraform.io/hashicorp/aws\"]",
      "instances": [
        {
          "index_key": 0,
          "schema_version": 0,
          "attributes": {
            "id": "aclassoc-0d5976a66d5d0c9b1",
            "network_acl_id": "acl-0d8230e842a6d5f3c",
            "subnet_id": "subnet-0d2f113264a88c943"
          },
          "sensitive_attributes": [],
          "private": "bnVsbA==",
          "dependencies": [
            "module.prod.module.dsc_prod_vpc.aws_network_acl.public",
            "module.prod.module.dsc_prod_vpc.aws_subnet.public",
            "module.prod.module.dsc_prod_vpc.aws_vpc.vpc",
            "module.prod.module.dsc_prod_vpc.data.aws_availability_zones.available"
          ]
        },
        {
          "index_key": 1,
          "schema_version": 0,
          "attributes": {
            "id": "aclassoc-095944f5d2f5c671a",
            "network_acl_id": "acl-0d8230e842a6d5f3c",
            "subnet_id": "subnet-024d0052a112de4e6"
          },
          "sensitive_attributes": [],
          "private": "bnVsbA==",
          "dependencies": [
            "module.prod.module.dsc_prod_vpc.aws_network_acl.public",
            "module.prod.module.dsc_prod_vpc.aws_subnet.public",
            "module.prod.module.dsc_prod_vpc.aws_vpc.vpc",
            "module.prod.module.dsc_prod_vpc.data.aws_availability_zones.available"
          ]
        },
        {
          "index_key": 2,
          "schema_version": 0,
          "attributes": {
            "id": "aclassoc-042a3f2ab557bc729",
            "network_acl_id": "acl-0d8230e842a6d5f3c",
            "subnet_id": "subnet-00a4ae637188b90e6"
          },
          "sensitive_attributes": [],
          "private": "bnVsbA==",
          "dependencies": [
            "module.prod.module.dsc_prod_vpc.aws_network_acl.public",
            "module.prod.module.dsc_prod_vpc.aws_subnet.public",
            "module.prod.module.dsc_prod_vpc.aws_vpc.vpc",
            "module.prod.module.dsc_prod_vpc.data.aws_availability_zones.available"
          ]
        }
      ]
    },
    {
      "module": "module.prod.module.dsc_prod_vpc",
      "mode": "managed",
      "type": "aws_network_acl_rule",
      "name": "private_inbound_allow_all",
      "provider": "provider[\"registry.terraform.io/hashicorp/aws\"]",
      "instances": [
        {
          "schema_version": 0,
          "attributes": {
            "cidr_block": "0.0.0.0/0",
            "egress": false,
            "from_port": null,
            "icmp_code": null,
            "icmp_type": null,
            "id": "nacl-284742175",
            "ipv6_cidr_block": "",
            "network_acl_id": "acl-0f9edfbf563e50e14",
            "protocol": "-1",
            "rule_action": "allow",
            "rule_number": 100,
            "to_port": null
          },
          "sensitive_attributes": [],
          "private": "bnVsbA==",
          "dependencies": [
            "module.prod.module.dsc_prod_vpc.aws_network_acl.private",
            "module.prod.module.dsc_prod_vpc.aws_vpc.vpc"
          ]
        }
      ]
    },
    {
      "module": "module.prod.module.dsc_prod_vpc",
      "mode": "managed",
      "type": "aws_network_acl_rule",
      "name": "private_outbound_allow_all",
      "provider": "provider[\"registry.terraform.io/hashicorp/aws\"]",
      "instances": [
        {
          "schema_version": 0,
          "attributes": {
            "cidr_block": "0.0.0.0/0",
            "egress": true,
            "from_port": null,
            "icmp_code": null,
            "icmp_type": null,
            "id": "nacl-583386405",
            "ipv6_cidr_block": "",
            "network_acl_id": "acl-0f9edfbf563e50e14",
            "protocol": "-1",
            "rule_action": "allow",
            "rule_number": 100,
            "to_port": null
          },
          "sensitive_attributes": [],
          "private": "bnVsbA==",
          "dependencies": [
            "module.prod.module.dsc_prod_vpc.aws_network_acl.private",
            "module.prod.module.dsc_prod_vpc.aws_vpc.vpc"
          ]
        }
      ]
    },
    {
      "module": "module.prod.module.dsc_prod_vpc",
      "mode": "managed",
      "type": "aws_network_acl_rule",
      "name": "public_inbound_allow_all",
      "provider": "provider[\"registry.terraform.io/hashicorp/aws\"]",
      "instances": [
        {
          "schema_version": 0,
          "attributes": {
            "cidr_block": "0.0.0.0/0",
            "egress": false,
            "from_port": null,
            "icmp_code": null,
            "icmp_type": null,
            "id": "nacl-3118520853",
            "ipv6_cidr_block": "",
            "network_acl_id": "acl-0d8230e842a6d5f3c",
            "protocol": "-1",
            "rule_action": "allow",
            "rule_number": 100,
            "to_port": null
          },
          "sensitive_attributes": [],
          "private": "bnVsbA==",
          "dependencies": [
            "module.prod.module.dsc_prod_vpc.aws_network_acl.public",
            "module.prod.module.dsc_prod_vpc.aws_vpc.vpc"
          ]
        }
      ]
    },
    {
      "module": "module.prod.module.dsc_prod_vpc",
      "mode": "managed",
      "type": "aws_network_acl_rule",
      "name": "public_outbound_allow_all",
      "provider": "provider[\"registry.terraform.io/hashicorp/aws\"]",
      "instances": [
        {
          "schema_version": 0,
          "attributes": {
            "cidr_block": "0.0.0.0/0",
            "egress": true,
            "from_port": null,
            "icmp_code": null,
            "icmp_type": null,
            "id": "nacl-2254675145",
            "ipv6_cidr_block": "",
            "network_acl_id": "acl-0d8230e842a6d5f3c",
            "protocol": "-1",
            "rule_action": "allow",
            "rule_number": 100,
            "to_port": null
          },
          "sensitive_attributes": [],
          "private": "bnVsbA==",
          "dependencies": [
            "module.prod.module.dsc_prod_vpc.aws_network_acl.public",
            "module.prod.module.dsc_prod_vpc.aws_vpc.vpc"
          ]
        }
      ]
    },
    {
      "module": "module.prod.module.dsc_prod_vpc",
      "mode": "managed",
      "type": "aws_route",
      "name": "igw_route",
      "provider": "provider[\"registry.terraform.io/hashicorp/aws\"]",
      "instances": [
        {
          "index_key": 0,
          "schema_version": 0,
          "attributes": {
            "carrier_gateway_id": "",
            "core_network_arn": "",
            "destination_cidr_block": "0.0.0.0/0",
            "destination_ipv6_cidr_block": "",
            "destination_prefix_list_id": "",
            "egress_only_gateway_id": "",
            "gateway_id": "igw-0d436aa42565c270b",
            "id": "r-rtb-0695b0d93975f61ee1080289494",
            "instance_id": "",
            "instance_owner_id": "",
            "local_gateway_id": "",
            "nat_gateway_id": "",
            "network_interface_id": "",
            "origin": "CreateRoute",
            "route_table_id": "rtb-0695b0d93975f61ee",
            "state": "active",
            "timeouts": null,
            "transit_gateway_id": "",
            "vpc_endpoint_id": "",
            "vpc_peering_connection_id": ""
          },
          "sensitive_attributes": [],
          "private": "eyJlMmJmYjczMC1lY2FhLTExZTYtOGY4OC0zNDM2M2JjN2M0YzAiOnsiY3JlYXRlIjozMDAwMDAwMDAwMDAsImRlbGV0ZSI6MzAwMDAwMDAwMDAwLCJ1cGRhdGUiOjEyMDAwMDAwMDAwMH19",
          "dependencies": [
            "module.prod.module.dsc_prod_vpc.aws_internet_gateway.igw",
            "module.prod.module.dsc_prod_vpc.aws_route_table.public",
            "module.prod.module.dsc_prod_vpc.aws_vpc.vpc"
          ]
        },
        {
          "index_key": 1,
          "schema_version": 0,
          "attributes": {
            "carrier_gateway_id": "",
            "core_network_arn": "",
            "destination_cidr_block": "0.0.0.0/0",
            "destination_ipv6_cidr_block": "",
            "destination_prefix_list_id": "",
            "egress_only_gateway_id": "",
            "gateway_id": "igw-0d436aa42565c270b",
            "id": "r-rtb-09c21fef1f877f2dc1080289494",
            "instance_id": "",
            "instance_owner_id": "",
            "local_gateway_id": "",
            "nat_gateway_id": "",
            "network_interface_id": "",
            "origin": "CreateRoute",
            "route_table_id": "rtb-09c21fef1f877f2dc",
            "state": "active",
            "timeouts": null,
            "transit_gateway_id": "",
            "vpc_endpoint_id": "",
            "vpc_peering_connection_id": ""
          },
          "sensitive_attributes": [],
          "private": "eyJlMmJmYjczMC1lY2FhLTExZTYtOGY4OC0zNDM2M2JjN2M0YzAiOnsiY3JlYXRlIjozMDAwMDAwMDAwMDAsImRlbGV0ZSI6MzAwMDAwMDAwMDAwLCJ1cGRhdGUiOjEyMDAwMDAwMDAwMH19",
          "dependencies": [
            "module.prod.module.dsc_prod_vpc.aws_internet_gateway.igw",
            "module.prod.module.dsc_prod_vpc.aws_route_table.public",
            "module.prod.module.dsc_prod_vpc.aws_vpc.vpc"
          ]
        },
        {
          "index_key": 2,
          "schema_version": 0,
          "attributes": {
            "carrier_gateway_id": "",
            "core_network_arn": "",
            "destination_cidr_block": "0.0.0.0/0",
            "destination_ipv6_cidr_block": "",
            "destination_prefix_list_id": "",
            "egress_only_gateway_id": "",
            "gateway_id": "igw-0d436aa42565c270b",
            "id": "r-rtb-0b74ee1f5c4e569551080289494",
            "instance_id": "",
            "instance_owner_id": "",
            "local_gateway_id": "",
            "nat_gateway_id": "",
            "network_interface_id": "",
            "origin": "CreateRoute",
            "route_table_id": "rtb-0b74ee1f5c4e56955",
            "state": "active",
            "timeouts": null,
            "transit_gateway_id": "",
            "vpc_endpoint_id": "",
            "vpc_peering_connection_id": ""
          },
          "sensitive_attributes": [],
          "private": "eyJlMmJmYjczMC1lY2FhLTExZTYtOGY4OC0zNDM2M2JjN2M0YzAiOnsiY3JlYXRlIjozMDAwMDAwMDAwMDAsImRlbGV0ZSI6MzAwMDAwMDAwMDAwLCJ1cGRhdGUiOjEyMDAwMDAwMDAwMH19",
          "dependencies": [
            "module.prod.module.dsc_prod_vpc.aws_internet_gateway.igw",
            "module.prod.module.dsc_prod_vpc.aws_route_table.public",
            "module.prod.module.dsc_prod_vpc.aws_vpc.vpc"
          ]
        }
      ]
    },
    {
      "module": "module.prod.module.dsc_prod_vpc",
      "mode": "managed",
      "type": "aws_route",
      "name": "nat_route",
      "provider": "provider[\"registry.terraform.io/hashicorp/aws\"]",
      "instances": []
    },
    {
      "module": "module.prod.module.dsc_prod_vpc",
      "mode": "managed",
      "type": "aws_route_table",
      "name": "private",
      "provider": "provider[\"registry.terraform.io/hashicorp/aws\"]",
      "instances": [
        {
          "index_key": 0,
          "schema_version": 0,
          "attributes": {
            "arn": "arn:aws:ec2:ap-northeast-2:013969630346:route-table/rtb-0daa11b8f9a4fab8d",
            "id": "rtb-0daa11b8f9a4fab8d",
            "owner_id": "013969630346",
            "propagating_vgws": [],
            "route": [],
            "tags": {
              "Name": "prod_vpc-rt-private-1"
            },
            "tags_all": {
              "Name": "prod_vpc-rt-private-1"
            },
            "timeouts": null,
            "vpc_id": "vpc-00fd4a3ed23c9860c"
          },
          "sensitive_attributes": [],
          "private": "eyJlMmJmYjczMC1lY2FhLTExZTYtOGY4OC0zNDM2M2JjN2M0YzAiOnsiY3JlYXRlIjozMDAwMDAwMDAwMDAsImRlbGV0ZSI6MzAwMDAwMDAwMDAwLCJ1cGRhdGUiOjEyMDAwMDAwMDAwMH19",
          "dependencies": [
            "module.prod.module.dsc_prod_vpc.aws_vpc.vpc"
          ]
        },
        {
          "index_key": 1,
          "schema_version": 0,
          "attributes": {
            "arn": "arn:aws:ec2:ap-northeast-2:013969630346:route-table/rtb-023c2c9a7d07540c4",
            "id": "rtb-023c2c9a7d07540c4",
            "owner_id": "013969630346",
            "propagating_vgws": [],
            "route": [],
            "tags": {
              "Name": "prod_vpc-rt-private-2"
            },
            "tags_all": {
              "Name": "prod_vpc-rt-private-2"
            },
            "timeouts": null,
            "vpc_id": "vpc-00fd4a3ed23c9860c"
          },
          "sensitive_attributes": [],
          "private": "eyJlMmJmYjczMC1lY2FhLTExZTYtOGY4OC0zNDM2M2JjN2M0YzAiOnsiY3JlYXRlIjozMDAwMDAwMDAwMDAsImRlbGV0ZSI6MzAwMDAwMDAwMDAwLCJ1cGRhdGUiOjEyMDAwMDAwMDAwMH19",
          "dependencies": [
            "module.prod.module.dsc_prod_vpc.aws_vpc.vpc"
          ]
        },
        {
          "index_key": 2,
          "schema_version": 0,
          "attributes": {
            "arn": "arn:aws:ec2:ap-northeast-2:013969630346:route-table/rtb-00a1df7c5c6feb8d1",
            "id": "rtb-00a1df7c5c6feb8d1",
            "owner_id": "013969630346",
            "propagating_vgws": [],
            "route": [],
            "tags": {
              "Name": "prod_vpc-rt-private-3"
            },
            "tags_all": {
              "Name": "prod_vpc-rt-private-3"
            },
            "timeouts": null,
            "vpc_id": "vpc-00fd4a3ed23c9860c"
          },
          "sensitive_attributes": [],
          "private": "eyJlMmJmYjczMC1lY2FhLTExZTYtOGY4OC0zNDM2M2JjN2M0YzAiOnsiY3JlYXRlIjozMDAwMDAwMDAwMDAsImRlbGV0ZSI6MzAwMDAwMDAwMDAwLCJ1cGRhdGUiOjEyMDAwMDAwMDAwMH19",
          "dependencies": [
            "module.prod.module.dsc_prod_vpc.aws_vpc.vpc"
          ]
        }
      ]
    },
    {
      "module": "module.prod.module.dsc_prod_vpc",
      "mode": "managed",
      "type": "aws_route_table",
      "name": "public",
      "provider": "provider[\"registry.terraform.io/hashicorp/aws\"]",
      "instances": [
        {
          "index_key": 0,
          "schema_version": 0,
          "attributes": {
            "arn": "arn:aws:ec2:ap-northeast-2:013969630346:route-table/rtb-0695b0d93975f61ee",
            "id": "rtb-0695b0d93975f61ee",
            "owner_id": "013969630346",
            "propagating_vgws": [],
            "route": [],
            "tags": {
              "Name": "prod_vpc-rt-public-1"
            },
            "tags_all": {
              "Name": "prod_vpc-rt-public-1"
            },
            "timeouts": null,
            "vpc_id": "vpc-00fd4a3ed23c9860c"
          },
          "sensitive_attributes": [],
          "private": "eyJlMmJmYjczMC1lY2FhLTExZTYtOGY4OC0zNDM2M2JjN2M0YzAiOnsiY3JlYXRlIjozMDAwMDAwMDAwMDAsImRlbGV0ZSI6MzAwMDAwMDAwMDAwLCJ1cGRhdGUiOjEyMDAwMDAwMDAwMH19",
          "dependencies": [
            "module.prod.module.dsc_prod_vpc.aws_vpc.vpc"
          ]
        },
        {
          "index_key": 1,
          "schema_version": 0,
          "attributes": {
            "arn": "arn:aws:ec2:ap-northeast-2:013969630346:route-table/rtb-09c21fef1f877f2dc",
            "id": "rtb-09c21fef1f877f2dc",
            "owner_id": "013969630346",
            "propagating_vgws": [],
            "route": [],
            "tags": {
              "Name": "prod_vpc-rt-public-2"
            },
            "tags_all": {
              "Name": "prod_vpc-rt-public-2"
            },
            "timeouts": null,
            "vpc_id": "vpc-00fd4a3ed23c9860c"
          },
          "sensitive_attributes": [],
          "private": "eyJlMmJmYjczMC1lY2FhLTExZTYtOGY4OC0zNDM2M2JjN2M0YzAiOnsiY3JlYXRlIjozMDAwMDAwMDAwMDAsImRlbGV0ZSI6MzAwMDAwMDAwMDAwLCJ1cGRhdGUiOjEyMDAwMDAwMDAwMH19",
          "dependencies": [
            "module.prod.module.dsc_prod_vpc.aws_vpc.vpc"
          ]
        },
        {
          "index_key": 2,
          "schema_version": 0,
          "attributes": {
            "arn": "arn:aws:ec2:ap-northeast-2:013969630346:route-table/rtb-0b74ee1f5c4e56955",
            "id": "rtb-0b74ee1f5c4e56955",
            "owner_id": "013969630346",
            "propagating_vgws": [],
            "route": [],
            "tags": {
              "Name": "prod_vpc-rt-public-3"
            },
            "tags_all": {
              "Name": "prod_vpc-rt-public-3"
            },
            "timeouts": null,
            "vpc_id": "vpc-00fd4a3ed23c9860c"
          },
          "sensitive_attributes": [],
          "private": "eyJlMmJmYjczMC1lY2FhLTExZTYtOGY4OC0zNDM2M2JjN2M0YzAiOnsiY3JlYXRlIjozMDAwMDAwMDAwMDAsImRlbGV0ZSI6MzAwMDAwMDAwMDAwLCJ1cGRhdGUiOjEyMDAwMDAwMDAwMH19",
          "dependencies": [
            "module.prod.module.dsc_prod_vpc.aws_vpc.vpc"
          ]
        }
      ]
    },
    {
      "module": "module.prod.module.dsc_prod_vpc",
      "mode": "managed",
      "type": "aws_route_table_association",
      "name": "private",
      "provider": "provider[\"registry.terraform.io/hashicorp/aws\"]",
      "instances": [
        {
          "index_key": 0,
          "schema_version": 0,
          "attributes": {
            "gateway_id": "",
            "id": "rtbassoc-0ae64ed4e6a18b094",
            "route_table_id": "rtb-0daa11b8f9a4fab8d",
            "subnet_id": "subnet-05383b97cc3d5989e",
            "timeouts": null
          },
          "sensitive_attributes": [],
          "private": "eyJlMmJmYjczMC1lY2FhLTExZTYtOGY4OC0zNDM2M2JjN2M0YzAiOnsiY3JlYXRlIjozMDAwMDAwMDAwMDAsImRlbGV0ZSI6MzAwMDAwMDAwMDAwLCJ1cGRhdGUiOjEyMDAwMDAwMDAwMH19",
          "dependencies": [
            "module.prod.module.dsc_prod_vpc.aws_route_table.private",
            "module.prod.module.dsc_prod_vpc.aws_subnet.private",
            "module.prod.module.dsc_prod_vpc.aws_vpc.vpc",
            "module.prod.module.dsc_prod_vpc.data.aws_availability_zones.available"
          ]
        },
        {
          "index_key": 1,
          "schema_version": 0,
          "attributes": {
            "gateway_id": "",
            "id": "rtbassoc-0e2c85cf99f59f7dc",
            "route_table_id": "rtb-023c2c9a7d07540c4",
            "subnet_id": "subnet-0c4be3c8c0aa443ce",
            "timeouts": null
          },
          "sensitive_attributes": [],
          "private": "eyJlMmJmYjczMC1lY2FhLTExZTYtOGY4OC0zNDM2M2JjN2M0YzAiOnsiY3JlYXRlIjozMDAwMDAwMDAwMDAsImRlbGV0ZSI6MzAwMDAwMDAwMDAwLCJ1cGRhdGUiOjEyMDAwMDAwMDAwMH19",
          "dependencies": [
            "module.prod.module.dsc_prod_vpc.aws_route_table.private",
            "module.prod.module.dsc_prod_vpc.aws_subnet.private",
            "module.prod.module.dsc_prod_vpc.aws_vpc.vpc",
            "module.prod.module.dsc_prod_vpc.data.aws_availability_zones.available"
          ]
        },
        {
          "index_key": 2,
          "schema_version": 0,
          "attributes": {
            "gateway_id": "",
            "id": "rtbassoc-0f30b496174fc794a",
            "route_table_id": "rtb-00a1df7c5c6feb8d1",
            "subnet_id": "subnet-0ae45e081075d79a9",
            "timeouts": null
          },
          "sensitive_attributes": [],
          "private": "eyJlMmJmYjczMC1lY2FhLTExZTYtOGY4OC0zNDM2M2JjN2M0YzAiOnsiY3JlYXRlIjozMDAwMDAwMDAwMDAsImRlbGV0ZSI6MzAwMDAwMDAwMDAwLCJ1cGRhdGUiOjEyMDAwMDAwMDAwMH19",
          "dependencies": [
            "module.prod.module.dsc_prod_vpc.aws_route_table.private",
            "module.prod.module.dsc_prod_vpc.aws_subnet.private",
            "module.prod.module.dsc_prod_vpc.aws_vpc.vpc",
            "module.prod.module.dsc_prod_vpc.data.aws_availability_zones.available"
          ]
        }
      ]
    },
    {
      "module": "module.prod.module.dsc_prod_vpc",
      "mode": "managed",
      "type": "aws_route_table_association",
      "name": "public",
      "provider": "provider[\"registry.terraform.io/hashicorp/aws\"]",
      "instances": [
        {
          "index_key": 0,
          "schema_version": 0,
          "attributes": {
            "gateway_id": "",
            "id": "rtbassoc-01d8085d7c194b8e0",
            "route_table_id": "rtb-0695b0d93975f61ee",
            "subnet_id": "subnet-0d2f113264a88c943",
            "timeouts": null
          },
          "sensitive_attributes": [],
          "private": "eyJlMmJmYjczMC1lY2FhLTExZTYtOGY4OC0zNDM2M2JjN2M0YzAiOnsiY3JlYXRlIjozMDAwMDAwMDAwMDAsImRlbGV0ZSI6MzAwMDAwMDAwMDAwLCJ1cGRhdGUiOjEyMDAwMDAwMDAwMH19",
          "dependencies": [
            "module.prod.module.dsc_prod_vpc.aws_route_table.public",
            "module.prod.module.dsc_prod_vpc.aws_subnet.public",
            "module.prod.module.dsc_prod_vpc.aws_vpc.vpc",
            "module.prod.module.dsc_prod_vpc.data.aws_availability_zones.available"
          ]
        },
        {
          "index_key": 1,
          "schema_version": 0,
          "attributes": {
            "gateway_id": "",
            "id": "rtbassoc-02ffdcf14b7e3a1bf",
            "route_table_id": "rtb-09c21fef1f877f2dc",
            "subnet_id": "subnet-024d0052a112de4e6",
            "timeouts": null
          },
          "sensitive_attributes": [],
          "private": "eyJlMmJmYjczMC1lY2FhLTExZTYtOGY4OC0zNDM2M2JjN2M0YzAiOnsiY3JlYXRlIjozMDAwMDAwMDAwMDAsImRlbGV0ZSI6MzAwMDAwMDAwMDAwLCJ1cGRhdGUiOjEyMDAwMDAwMDAwMH19",
          "dependencies": [
            "module.prod.module.dsc_prod_vpc.aws_route_table.public",
            "module.prod.module.dsc_prod_vpc.aws_subnet.public",
            "module.prod.module.dsc_prod_vpc.aws_vpc.vpc",
            "module.prod.module.dsc_prod_vpc.data.aws_availability_zones.available"
          ]
        },
        {
          "index_key": 2,
          "schema_version": 0,
          "attributes": {
            "gateway_id": "",
            "id": "rtbassoc-0a3b346db57648dcf",
            "route_table_id": "rtb-0b74ee1f5c4e56955",
            "subnet_id": "subnet-00a4ae637188b90e6",
            "timeouts": null
          },
          "sensitive_attributes": [],
          "private": "eyJlMmJmYjczMC1lY2FhLTExZTYtOGY4OC0zNDM2M2JjN2M0YzAiOnsiY3JlYXRlIjozMDAwMDAwMDAwMDAsImRlbGV0ZSI6MzAwMDAwMDAwMDAwLCJ1cGRhdGUiOjEyMDAwMDAwMDAwMH19",
          "dependencies": [
            "module.prod.module.dsc_prod_vpc.aws_route_table.public",
            "module.prod.module.dsc_prod_vpc.aws_subnet.public",
            "module.prod.module.dsc_prod_vpc.aws_vpc.vpc",
            "module.prod.module.dsc_prod_vpc.data.aws_availability_zones.available"
          ]
        }
      ]
    },
    {
      "module": "module.prod.module.dsc_prod_vpc",
      "mode": "managed",
      "type": "aws_subnet",
      "name": "private",
      "provider": "provider[\"registry.terraform.io/hashicorp/aws\"]",
      "instances": [
        {
          "index_key": 0,
          "schema_version": 1,
          "attributes": {
            "arn": "arn:aws:ec2:ap-northeast-2:013969630346:subnet/subnet-05383b97cc3d5989e",
            "assign_ipv6_address_on_creation": false,
            "availability_zone": "ap-northeast-2a",
            "availability_zone_id": "apne2-az1",
            "cidr_block": "10.0.0.0/22",
            "customer_owned_ipv4_pool": "",
            "enable_dns64": false,
            "enable_lni_at_device_index": 0,
            "enable_resource_name_dns_a_record_on_launch": false,
            "enable_resource_name_dns_aaaa_record_on_launch": false,
            "id": "subnet-05383b97cc3d5989e",
            "ipv6_cidr_block": "",
            "ipv6_cidr_block_association_id": "",
            "ipv6_native": false,
            "map_customer_owned_ip_on_launch": false,
            "map_public_ip_on_launch": false,
            "outpost_arn": "",
            "owner_id": "013969630346",
            "private_dns_hostname_type_on_launch": "ip-name",
            "tags": {
              "Name": "prod_vpc-subnet-private-1",
              "VpcName": "prod_vpc"
            },
            "tags_all": {
              "Name": "prod_vpc-subnet-private-1",
              "VpcName": "prod_vpc"
            },
            "timeouts": null,
            "vpc_id": "vpc-00fd4a3ed23c9860c"
          },
          "sensitive_attributes": [],
          "private": "eyJlMmJmYjczMC1lY2FhLTExZTYtOGY4OC0zNDM2M2JjN2M0YzAiOnsiY3JlYXRlIjo2MDAwMDAwMDAwMDAsImRlbGV0ZSI6MTIwMDAwMDAwMDAwMH0sInNjaGVtYV92ZXJzaW9uIjoiMSJ9",
          "dependencies": [
            "module.prod.module.dsc_prod_vpc.aws_vpc.vpc",
            "module.prod.module.dsc_prod_vpc.data.aws_availability_zones.available"
          ]
        },
        {
          "index_key": 1,
          "schema_version": 1,
          "attributes": {
            "arn": "arn:aws:ec2:ap-northeast-2:013969630346:subnet/subnet-0c4be3c8c0aa443ce",
            "assign_ipv6_address_on_creation": false,
            "availability_zone": "ap-northeast-2b",
            "availability_zone_id": "apne2-az2",
            "cidr_block": "10.0.4.0/22",
            "customer_owned_ipv4_pool": "",
            "enable_dns64": false,
            "enable_lni_at_device_index": 0,
            "enable_resource_name_dns_a_record_on_launch": false,
            "enable_resource_name_dns_aaaa_record_on_launch": false,
            "id": "subnet-0c4be3c8c0aa443ce",
            "ipv6_cidr_block": "",
            "ipv6_cidr_block_association_id": "",
            "ipv6_native": false,
            "map_customer_owned_ip_on_launch": false,
            "map_public_ip_on_launch": false,
            "outpost_arn": "",
            "owner_id": "013969630346",
            "private_dns_hostname_type_on_launch": "ip-name",
            "tags": {
              "Name": "prod_vpc-subnet-private-2",
              "VpcName": "prod_vpc"
            },
            "tags_all": {
              "Name": "prod_vpc-subnet-private-2",
              "VpcName": "prod_vpc"
            },
            "timeouts": null,
            "vpc_id": "vpc-00fd4a3ed23c9860c"
          },
          "sensitive_attributes": [],
          "private": "eyJlMmJmYjczMC1lY2FhLTExZTYtOGY4OC0zNDM2M2JjN2M0YzAiOnsiY3JlYXRlIjo2MDAwMDAwMDAwMDAsImRlbGV0ZSI6MTIwMDAwMDAwMDAwMH0sInNjaGVtYV92ZXJzaW9uIjoiMSJ9",
          "dependencies": [
            "module.prod.module.dsc_prod_vpc.aws_vpc.vpc",
            "module.prod.module.dsc_prod_vpc.data.aws_availability_zones.available"
          ]
        },
        {
          "index_key": 2,
          "schema_version": 1,
          "attributes": {
            "arn": "arn:aws:ec2:ap-northeast-2:013969630346:subnet/subnet-0ae45e081075d79a9",
            "assign_ipv6_address_on_creation": false,
            "availability_zone": "ap-northeast-2c",
            "availability_zone_id": "apne2-az3",
            "cidr_block": "10.0.8.0/22",
            "customer_owned_ipv4_pool": "",
            "enable_dns64": false,
            "enable_lni_at_device_index": 0,
            "enable_resource_name_dns_a_record_on_launch": false,
            "enable_resource_name_dns_aaaa_record_on_launch": false,
            "id": "subnet-0ae45e081075d79a9",
            "ipv6_cidr_block": "",
            "ipv6_cidr_block_association_id": "",
            "ipv6_native": false,
            "map_customer_owned_ip_on_launch": false,
            "map_public_ip_on_launch": false,
            "outpost_arn": "",
            "owner_id": "013969630346",
            "private_dns_hostname_type_on_launch": "ip-name",
            "tags": {
              "Name": "prod_vpc-subnet-private-3",
              "VpcName": "prod_vpc"
            },
            "tags_all": {
              "Name": "prod_vpc-subnet-private-3",
              "VpcName": "prod_vpc"
            },
            "timeouts": null,
            "vpc_id": "vpc-00fd4a3ed23c9860c"
          },
          "sensitive_attributes": [],
          "private": "eyJlMmJmYjczMC1lY2FhLTExZTYtOGY4OC0zNDM2M2JjN2M0YzAiOnsiY3JlYXRlIjo2MDAwMDAwMDAwMDAsImRlbGV0ZSI6MTIwMDAwMDAwMDAwMH0sInNjaGVtYV92ZXJzaW9uIjoiMSJ9",
          "dependencies": [
            "module.prod.module.dsc_prod_vpc.aws_vpc.vpc",
            "module.prod.module.dsc_prod_vpc.data.aws_availability_zones.available"
          ]
        }
      ]
    },
    {
      "module": "module.prod.module.dsc_prod_vpc",
      "mode": "managed",
      "type": "aws_subnet",
      "name": "public",
      "provider": "provider[\"registry.terraform.io/hashicorp/aws\"]",
      "instances": [
        {
          "index_key": 0,
          "schema_version": 1,
          "attributes": {
            "arn": "arn:aws:ec2:ap-northeast-2:013969630346:subnet/subnet-0d2f113264a88c943",
            "assign_ipv6_address_on_creation": false,
            "availability_zone": "ap-northeast-2a",
            "availability_zone_id": "apne2-az1",
            "cidr_block": "10.0.64.0/22",
            "customer_owned_ipv4_pool": "",
            "enable_dns64": false,
            "enable_lni_at_device_index": 0,
            "enable_resource_name_dns_a_record_on_launch": false,
            "enable_resource_name_dns_aaaa_record_on_launch": false,
            "id": "subnet-0d2f113264a88c943",
            "ipv6_cidr_block": "",
            "ipv6_cidr_block_association_id": "",
            "ipv6_native": false,
            "map_customer_owned_ip_on_launch": false,
            "map_public_ip_on_launch": false,
            "outpost_arn": "",
            "owner_id": "013969630346",
            "private_dns_hostname_type_on_launch": "ip-name",
            "tags": {
              "Name": "prod_vpc-subnet-public-1",
              "VpcName": "prod_vpc"
            },
            "tags_all": {
              "Name": "prod_vpc-subnet-public-1",
              "VpcName": "prod_vpc"
            },
            "timeouts": null,
            "vpc_id": "vpc-00fd4a3ed23c9860c"
          },
          "sensitive_attributes": [],
          "private": "eyJlMmJmYjczMC1lY2FhLTExZTYtOGY4OC0zNDM2M2JjN2M0YzAiOnsiY3JlYXRlIjo2MDAwMDAwMDAwMDAsImRlbGV0ZSI6MTIwMDAwMDAwMDAwMH0sInNjaGVtYV92ZXJzaW9uIjoiMSJ9",
          "dependencies": [
            "module.prod.module.dsc_prod_vpc.aws_vpc.vpc",
            "module.prod.module.dsc_prod_vpc.data.aws_availability_zones.available"
          ]
        },
        {
          "index_key": 1,
          "schema_version": 1,
          "attributes": {
            "arn": "arn:aws:ec2:ap-northeast-2:013969630346:subnet/subnet-024d0052a112de4e6",
            "assign_ipv6_address_on_creation": false,
            "availability_zone": "ap-northeast-2b",
            "availability_zone_id": "apne2-az2",
            "cidr_block": "10.0.68.0/22",
            "customer_owned_ipv4_pool": "",
            "enable_dns64": false,
            "enable_lni_at_device_index": 0,
            "enable_resource_name_dns_a_record_on_launch": false,
            "enable_resource_name_dns_aaaa_record_on_launch": false,
            "id": "subnet-024d0052a112de4e6",
            "ipv6_cidr_block": "",
            "ipv6_cidr_block_association_id": "",
            "ipv6_native": false,
            "map_customer_owned_ip_on_launch": false,
            "map_public_ip_on_launch": false,
            "outpost_arn": "",
            "owner_id": "013969630346",
            "private_dns_hostname_type_on_launch": "ip-name",
            "tags": {
              "Name": "prod_vpc-subnet-public-2",
              "VpcName": "prod_vpc"
            },
            "tags_all": {
              "Name": "prod_vpc-subnet-public-2",
              "VpcName": "prod_vpc"
            },
            "timeouts": null,
            "vpc_id": "vpc-00fd4a3ed23c9860c"
          },
          "sensitive_attributes": [],
          "private": "eyJlMmJmYjczMC1lY2FhLTExZTYtOGY4OC0zNDM2M2JjN2M0YzAiOnsiY3JlYXRlIjo2MDAwMDAwMDAwMDAsImRlbGV0ZSI6MTIwMDAwMDAwMDAwMH0sInNjaGVtYV92ZXJzaW9uIjoiMSJ9",
          "dependencies": [
            "module.prod.module.dsc_prod_vpc.aws_vpc.vpc",
            "module.prod.module.dsc_prod_vpc.data.aws_availability_zones.available"
          ]
        },
        {
          "index_key": 2,
          "schema_version": 1,
          "attributes": {
            "arn": "arn:aws:ec2:ap-northeast-2:013969630346:subnet/subnet-00a4ae637188b90e6",
            "assign_ipv6_address_on_creation": false,
            "availability_zone": "ap-northeast-2c",
            "availability_zone_id": "apne2-az3",
            "cidr_block": "10.0.72.0/22",
            "customer_owned_ipv4_pool": "",
            "enable_dns64": false,
            "enable_lni_at_device_index": 0,
            "enable_resource_name_dns_a_record_on_launch": false,
            "enable_resource_name_dns_aaaa_record_on_launch": false,
            "id": "subnet-00a4ae637188b90e6",
            "ipv6_cidr_block": "",
            "ipv6_cidr_block_association_id": "",
            "ipv6_native": false,
            "map_customer_owned_ip_on_launch": false,
            "map_public_ip_on_launch": false,
            "outpost_arn": "",
            "owner_id": "013969630346",
            "private_dns_hostname_type_on_launch": "ip-name",
            "tags": {
              "Name": "prod_vpc-subnet-public-3",
              "VpcName": "prod_vpc"
            },
            "tags_all": {
              "Name": "prod_vpc-subnet-public-3",
              "VpcName": "prod_vpc"
            },
            "timeouts": null,
            "vpc_id": "vpc-00fd4a3ed23c9860c"
          },
          "sensitive_attributes": [],
          "private": "eyJlMmJmYjczMC1lY2FhLTExZTYtOGY4OC0zNDM2M2JjN2M0YzAiOnsiY3JlYXRlIjo2MDAwMDAwMDAwMDAsImRlbGV0ZSI6MTIwMDAwMDAwMDAwMH0sInNjaGVtYV92ZXJzaW9uIjoiMSJ9",
          "dependencies": [
            "module.prod.module.dsc_prod_vpc.aws_vpc.vpc",
            "module.prod.module.dsc_prod_vpc.data.aws_availability_zones.available"
          ]
        }
      ]
    },
    {
      "module": "module.prod.module.dsc_prod_vpc",
      "mode": "managed",
      "type": "aws_vpc",
      "name": "vpc",
      "provider": "provider[\"registry.terraform.io/hashicorp/aws\"]",
      "instances": [
        {
          "schema_version": 1,
          "attributes": {
            "arn": "arn:aws:ec2:ap-northeast-2:013969630346:vpc/vpc-00fd4a3ed23c9860c",
            "assign_generated_ipv6_cidr_block": false,
            "cidr_block": "10.0.0.0/16",
            "default_network_acl_id": "acl-0b584a2ed9be4060a",
            "default_route_table_id": "rtb-04582b02ce66b5731",
            "default_security_group_id": "sg-0035bffea3b571528",
            "dhcp_options_id": "dopt-0133ee389139ff96b",
            "enable_classiclink": false,
            "enable_classiclink_dns_support": false,
            "enable_dns_hostnames": true,
            "enable_dns_support": true,
            "enable_network_address_usage_metrics": false,
            "id": "vpc-00fd4a3ed23c9860c",
            "instance_tenancy": "default",
            "ipv4_ipam_pool_id": null,
            "ipv4_netmask_length": null,
            "ipv6_association_id": "",
            "ipv6_cidr_block": "",
            "ipv6_cidr_block_network_border_group": "",
            "ipv6_ipam_pool_id": "",
            "ipv6_netmask_length": 0,
            "main_route_table_id": "rtb-04582b02ce66b5731",
            "owner_id": "013969630346",
            "tags": {
              "Name": "prod_vpc"
            },
            "tags_all": {
              "Name": "prod_vpc"
            }
          },
          "sensitive_attributes": [],
          "private": "eyJzY2hlbWFfdmVyc2lvbiI6IjEifQ==",
          "create_before_destroy": true
        }
      ]
    },
    {
      "module": "module.prod.module.eks",
      "mode": "data",
      "type": "aws_caller_identity",
      "name": "current",
      "provider": "provider[\"registry.terraform.io/hashicorp/aws\"]",
      "instances": [
        {
          "schema_version": 0,
          "attributes": {
            "account_id": "013969630346",
            "arn": "arn:aws:iam::013969630346:user/Orderify",
            "id": "013969630346",
            "user_id": "AIDAQGQFHUSFAXOCDHVIN"
          },
          "sensitive_attributes": []
        }
      ]
    },
    {
      "module": "module.prod.module.eks",
      "mode": "data",
      "type": "aws_eks_addon_version",
      "name": "this",
      "provider": "provider[\"registry.terraform.io/hashicorp/aws\"]",
      "instances": [
        {
          "index_key": "coredns",
          "schema_version": 0,
          "attributes": {
            "addon_name": "coredns",
            "id": "coredns",
            "kubernetes_version": "1.27",
            "most_recent": true,
            "version": "v1.10.1-eksbuild.1"
          },
          "sensitive_attributes": []
        },
        {
          "index_key": "kube-proxy",
          "schema_version": 0,
          "attributes": {
            "addon_name": "kube-proxy",
            "id": "kube-proxy",
            "kubernetes_version": "1.27",
            "most_recent": true,
            "version": "v1.27.1-eksbuild.1"
          },
          "sensitive_attributes": []
        },
        {
          "index_key": "vpc-cni",
          "schema_version": 0,
          "attributes": {
            "addon_name": "vpc-cni",
            "id": "vpc-cni",
            "kubernetes_version": "1.27",
            "most_recent": true,
            "version": "v1.12.6-eksbuild.2"
          },
          "sensitive_attributes": []
        }
      ]
    },
    {
      "module": "module.prod.module.eks",
      "mode": "data",
      "type": "aws_iam_policy_document",
      "name": "assume_role_policy",
      "provider": "provider[\"registry.terraform.io/hashicorp/aws\"]",
      "instances": [
        {
          "index_key": 0,
          "schema_version": 0,
          "attributes": {
            "id": "2764486067",
            "json": "{\n  \"Version\": \"2012-10-17\",\n  \"Statement\": [\n    {\n      \"Sid\": \"EKSClusterAssumeRole\",\n      \"Effect\": \"Allow\",\n      \"Action\": \"sts:AssumeRole\",\n      \"Principal\": {\n        \"Service\": \"eks.amazonaws.com\"\n      }\n    }\n  ]\n}",
            "override_json": null,
            "override_policy_documents": null,
            "policy_id": null,
            "source_json": null,
            "source_policy_documents": null,
            "statement": [
              {
                "actions": [
                  "sts:AssumeRole"
                ],
                "condition": [],
                "effect": "Allow",
                "not_actions": [],
                "not_principals": [],
                "not_resources": [],
                "principals": [
                  {
                    "identifiers": [
                      "eks.amazonaws.com"
                    ],
                    "type": "Service"
                  }
                ],
                "resources": [],
                "sid": "EKSClusterAssumeRole"
              }
            ],
            "version": "2012-10-17"
          },
          "sensitive_attributes": []
        }
      ]
    },
    {
      "module": "module.prod.module.eks",
      "mode": "data",
      "type": "aws_iam_session_context",
      "name": "current",
      "provider": "provider[\"registry.terraform.io/hashicorp/aws\"]",
      "instances": [
        {
          "schema_version": 0,
          "attributes": {
            "arn": "arn:aws:iam::013969630346:user/Orderify",
            "id": "arn:aws:iam::013969630346:user/Orderify",
            "issuer_arn": "arn:aws:iam::013969630346:user/Orderify",
            "issuer_id": "",
            "issuer_name": "",
            "session_name": ""
          },
          "sensitive_attributes": []
        }
      ]
    },
    {
      "module": "module.prod.module.eks",
      "mode": "data",
      "type": "aws_partition",
      "name": "current",
      "provider": "provider[\"registry.terraform.io/hashicorp/aws\"]",
      "instances": [
        {
          "schema_version": 0,
          "attributes": {
            "dns_suffix": "amazonaws.com",
            "id": "aws",
            "partition": "aws",
            "reverse_dns_prefix": "com.amazonaws"
          },
          "sensitive_attributes": []
        }
      ]
    },
    {
      "module": "module.prod.module.eks",
      "mode": "data",
      "type": "tls_certificate",
      "name": "this",
      "provider": "provider[\"registry.terraform.io/hashicorp/tls\"]",
      "instances": [
        {
          "index_key": 0,
          "schema_version": 0,
          "attributes": {
            "certificates": [
              {
                "cert_pem": "-----BEGIN CERTIFICATE-----\nMIIEdTCCA12gAwIBAgIJAKcOSkw0grd/MA0GCSqGSIb3DQEBCwUAMGgxCzAJBgNV\nBAYTAlVTMSUwIwYDVQQKExxTdGFyZmllbGQgVGVjaG5vbG9naWVzLCBJbmMuMTIw\nMAYDVQQLEylTdGFyZmllbGQgQ2xhc3MgMiBDZXJ0aWZpY2F0aW9uIEF1dGhvcml0\neTAeFw0wOTA5MDIwMDAwMDBaFw0zNDA2MjgxNzM5MTZaMIGYMQswCQYDVQQGEwJV\nUzEQMA4GA1UECBMHQXJpem9uYTETMBEGA1UEBxMKU2NvdHRzZGFsZTElMCMGA1UE\nChMcU3RhcmZpZWxkIFRlY2hub2xvZ2llcywgSW5jLjE7MDkGA1UEAxMyU3RhcmZp\nZWxkIFNlcnZpY2VzIFJvb3QgQ2VydGlmaWNhdGUgQXV0aG9yaXR5IC0gRzIwggEi\nMA0GCSqGSIb3DQEBAQUAA4IBDwAwggEKAoIBAQDVDDrEKvlO4vW+GZdfjohTsR8/\ny8+fIBNtKTrID30892t2OGPZNmCom15cAICyL1l/9of5JUOG52kbUpqQ4XHj2C0N\nTm/2yEnZtvMaVq4rtnQU68/7JuMauh2WLmo7WJSJR1b/JaCTcFOD2oR0FMNnngRo\nOt+OQFodSk7PQ5E751bWAHDLUu57fa4657wx+UX2wmDPE1kCK4DMNEffud6QZW0C\nzyyRpqbn3oUYSXxmTqM6bam17jQuug0DuDPfR+uxa40l2ZvOgdFFRjKWcIfeAg5J\nQ4W2bHO7ZOphQazJ1FTfhy/HIrImzJ9ZVGif/L4qL8RVHHVAYBeFAlU5i38FAgMB\nAAGjgfAwge0wDwYDVR0TAQH/BAUwAwEB/zAOBgNVHQ8BAf8EBAMCAYYwHQYDVR0O\nBBYEFJxfAN+qAdcwKziIorhtSpzyEZGDMB8GA1UdIwQYMBaAFL9ft9HO3R+G9FtV\nrNzXEMIOqYjnME8GCCsGAQUFBwEBBEMwQTAcBggrBgEFBQcwAYYQaHR0cDovL28u\nc3MyLnVzLzAhBggrBgEFBQcwAoYVaHR0cDovL3guc3MyLnVzL3guY2VyMCYGA1Ud\nHwQfMB0wG6AZoBeGFWh0dHA6Ly9zLnNzMi51cy9yLmNybDARBgNVHSAECjAIMAYG\nBFUdIAAwDQYJKoZIhvcNAQELBQADggEBACMd44pXyn3pF3lM8R5V/cxTbj5HD9/G\nVfKyBDbtgB9TxF00KGu+x1X8Z+rLP3+QsjPNG1gQggL4+C/1E2DUBc7xgQjB3ad1\nl08YuW3e95ORCLp+QCztweq7dp4zBncdDQh/U90bZKuCJ/Fp1U1ervShw3WnWEQt\n8jxwmKy6abaVd38PMV4s/KCHOkdp8Hlf9BRUpJVeEXgSYCfOn8J3/yNTd126/+pZ\n59vPr5KW7ySaNRB6nJHGDn2Z9j8Z3/VyVOEVqQdZe4O/Ui5GjLIAZHYcSNPYeehu\nVsyuLAOQ1xk4meTKCRlb/weWsKh/NEnfVqn3sF/tM+2MR7cwA130A4w=\n-----END CERTIFICATE-----\n",
                "is_ca": true,
                "issuer": "OU=Starfield Class 2 Certification Authority,O=Starfield Technologies\\, Inc.,C=US",
                "not_after": "2034-06-28T17:39:16Z",
                "not_before": "2009-09-02T00:00:00Z",
                "public_key_algorithm": "RSA",
                "serial_number": "12037640545166866303",
                "sha1_fingerprint": "9e99a48a9960b14926bb7f3b02e22da2b0ab7280",
                "signature_algorithm": "SHA256-RSA",
                "subject": "CN=Starfield Services Root Certificate Authority - G2,O=Starfield Technologies\\, Inc.,L=Scottsdale,ST=Arizona,C=US",
                "version": 3
              },
              {
                "cert_pem": "-----BEGIN CERTIFICATE-----\nMIIEkjCCA3qgAwIBAgITBn+USionzfP6wq4rAfkI7rnExjANBgkqhkiG9w0BAQsF\nADCBmDELMAkGA1UEBhMCVVMxEDAOBgNVBAgTB0FyaXpvbmExEzARBgNVBAcTClNj\nb3R0c2RhbGUxJTAjBgNVBAoTHFN0YXJmaWVsZCBUZWNobm9sb2dpZXMsIEluYy4x\nOzA5BgNVBAMTMlN0YXJmaWVsZCBTZXJ2aWNlcyBSb290IENlcnRpZmljYXRlIEF1\ndGhvcml0eSAtIEcyMB4XDTE1MDUyNTEyMDAwMFoXDTM3MTIzMTAxMDAwMFowOTEL\nMAkGA1UEBhMCVVMxDzANBgNVBAoTBkFtYXpvbjEZMBcGA1UEAxMQQW1hem9uIFJv\nb3QgQ0EgMTCCASIwDQYJKoZIhvcNAQEBBQADggEPADCCAQoCggEBALJ4gHHKeNXj\nca9HgFB0fW7Y14h29Jlo91ghYPl0hAEvrAIthtOgQ3pOsqTQNroBvo3bSMgHFzZM\n9O6II8c+6zf1tRn4SWiw3te5djgdYZ6k/oI2peVKVuRF4fn9tBb6dNqcmzU5L/qw\nIFAGbHrQgLKm+a/sRxmPUDgH3KKHOVj4utWp+UhnMJbulHheb4mjUcAwhmahRWa6\nVOujw5H5SNz/0egwLX0tdHA114gk957EWW67c4cX8jJGKLhD+rcdqsq08p8kDi1L\n93FcXmn/6pUCyziKrlA4b9v7LWIbxcceVOF34GfID5yHI9Y/QCB/IIDEgEw+OyQm\njgSubJrIqg0CAwEAAaOCATEwggEtMA8GA1UdEwEB/wQFMAMBAf8wDgYDVR0PAQH/\nBAQDAgGGMB0GA1UdDgQWBBSEGMyFNOy8DJSULghZnMeyEE4KCDAfBgNVHSMEGDAW\ngBScXwDfqgHXMCs4iKK4bUqc8hGRgzB4BggrBgEFBQcBAQRsMGowLgYIKwYBBQUH\nMAGGImh0dHA6Ly9vY3NwLnJvb3RnMi5hbWF6b250cnVzdC5jb20wOAYIKwYBBQUH\nMAKGLGh0dHA6Ly9jcnQucm9vdGcyLmFtYXpvbnRydXN0LmNvbS9yb290ZzIuY2Vy\nMD0GA1UdHwQ2MDQwMqAwoC6GLGh0dHA6Ly9jcmwucm9vdGcyLmFtYXpvbnRydXN0\nLmNvbS9yb290ZzIuY3JsMBEGA1UdIAQKMAgwBgYEVR0gADANBgkqhkiG9w0BAQsF\nAAOCAQEAYjdCXLwQtT6LLOkMm2xF4gcAevnFWAu5CIw+7bMlPLVvUOTNNWqnkzSW\nMiGpSESrnO09tKpzbeR/FoCJbM8oAxiDR3mjEH4wW6w7sGDgd9QIpuEdfF7Au/ma\neyKdpwAJfqxGF4PcnCZXmTA5YpaP7dreqsXMGz7KQ2hsVxa81Q4gLv7/wmpdLqBK\nbRRYh5TmOTFffHPLkIhqhBGWJ6bt2YFGpn6jcgAKUj6DiAdjd4lpFw85hdKrCEVN\n0FE6/V1dN2RMfjCyVSRCnTawXZwXgWHxyvkQAiSr6w10kY17RSlQOYiypok1JR4U\nakcjMS9cmvqtmg5iUaQqqcT5NJ0hGA==\n-----END CERTIFICATE-----\n",
                "is_ca": true,
                "issuer": "CN=Starfield Services Root Certificate Authority - G2,O=Starfield Technologies\\, Inc.,L=Scottsdale,ST=Arizona,C=US",
                "not_after": "2037-12-31T01:00:00Z",
                "not_before": "2015-05-25T12:00:00Z",
                "public_key_algorithm": "RSA",
                "serial_number": "144918191876577076464031512351042010504348870",
                "sha1_fingerprint": "06b25927c42a721631c1efd9431e648fa62e1e39",
                "signature_algorithm": "SHA256-RSA",
                "subject": "CN=Amazon Root CA 1,O=Amazon,C=US",
                "version": 3
              },
              {
                "cert_pem": "-----BEGIN CERTIFICATE-----\nMIIEXjCCA0agAwIBAgITB3MSOAudZoijOx7Zv5zNpo4ODzANBgkqhkiG9w0BAQsF\nADA5MQswCQYDVQQGEwJVUzEPMA0GA1UEChMGQW1hem9uMRkwFwYDVQQDExBBbWF6\nb24gUm9vdCBDQSAxMB4XDTIyMDgyMzIyMjEyOFoXDTMwMDgyMzIyMjEyOFowPDEL\nMAkGA1UEBhMCVVMxDzANBgNVBAoTBkFtYXpvbjEcMBoGA1UEAxMTQW1hem9uIFJT\nQSAyMDQ4IE0wMTCCASIwDQYJKoZIhvcNAQEBBQADggEPADCCAQoCggEBAOtxLKnL\nH4gokjIwr4pXD3i3NyWVVYesZ1yX0yLI2qIUZ2t88Gfa4gMqs1YSXca1R/lnCKeT\nepWSGA+0+fkQNpp/L4C2T7oTTsddUx7g3ZYzByDTlrwS5HRQQqEFE3O1T5tEJP4t\nf+28IoXsNiEzl3UGzicYgtzj2cWCB41eJgEmJmcf2T8TzzK6a614ZPyq/w4CPAff\nnAV4coz96nW3AyiE2uhuB4zQUIXvgVSycW7sbWLvj5TDXunEpNCRwC4kkZjK7rol\njtT2cbb7W2s4Bkg3R42G3PLqBvt2N32e/0JOTViCk8/iccJ4sXqrS1uUN4iB5Nmv\nJK74csVl+0u0UecCAwEAAaOCAVowggFWMBIGA1UdEwEB/wQIMAYBAf8CAQAwDgYD\nVR0PAQH/BAQDAgGGMB0GA1UdJQQWMBQGCCsGAQUFBwMBBggrBgEFBQcDAjAdBgNV\nHQ4EFgQUgbgOY4qJEhjl+js7UJWf5uWQE4UwHwYDVR0jBBgwFoAUhBjMhTTsvAyU\nlC4IWZzHshBOCggwewYIKwYBBQUHAQEEbzBtMC8GCCsGAQUFBzABhiNodHRwOi8v\nb2NzcC5yb290Y2ExLmFtYXpvbnRydXN0LmNvbTA6BggrBgEFBQcwAoYuaHR0cDov\nL2NydC5yb290Y2ExLmFtYXpvbnRydXN0LmNvbS9yb290Y2ExLmNlcjA/BgNVHR8E\nODA2MDSgMqAwhi5odHRwOi8vY3JsLnJvb3RjYTEuYW1hem9udHJ1c3QuY29tL3Jv\nb3RjYTEuY3JsMBMGA1UdIAQMMAowCAYGZ4EMAQIBMA0GCSqGSIb3DQEBCwUAA4IB\nAQCtAN4CBSMuBjJitGuxlBbkEUDeK/pZwTXv4KqPK0G50fOHOQAd8j21p0cMBgbG\nkfMHVwLU7b0XwZCav0h1ogdPMN1KakK1DT0VwA/+hFvGPJnMV1Kx2G4S1ZaSk0uU\n5QfoiYIIano01J5k4T2HapKQmmOhS/iPtuo00wW+IMLeBuKMn3OLn005hcrOGTad\nhcmeyfhQP7Z+iKHvyoQGi1C0ClymHETx/chhQGDyYSWqB/THwnN15AwLQo0E5V9E\nSJlbe4mBlqeInUsNYugExNf+tOiybcrswBy8OFsd34XOW3rjSUtsuafd9AWySa3h\nxRRrwszrzX/WWGm6wyB+f7C4\n-----END CERTIFICATE-----\n",
                "is_ca": true,
                "issuer": "CN=Amazon Root CA 1,O=Amazon,C=US",
                "not_after": "2030-08-23T22:21:28Z",
                "not_before": "2022-08-23T22:21:28Z",
                "public_key_algorithm": "RSA",
                "serial_number": "166129328851546858514271303855646110030630415",
                "sha1_fingerprint": "2ad974a775f73cbdbbd8f5ac3a49255fa8fb1f8c",
                "signature_algorithm": "SHA256-RSA",
                "subject": "CN=Amazon RSA 2048 M01,O=Amazon,C=US",
                "version": 3
              },
              {
                "cert_pem": "-----BEGIN CERTIFICATE-----\nMIIF9jCCBN6gAwIBAgIQD/gVRvZWUDYz6fgtm6ZoQTANBgkqhkiG9w0BAQsFADA8\nMQswCQYDVQQGEwJVUzEPMA0GA1UEChMGQW1hem9uMRwwGgYDVQQDExNBbWF6b24g\nUlNBIDIwNDggTTAxMB4XDTIzMDQxMzAwMDAwMFoXDTI0MDUxMTIzNTk1OVowMDEu\nMCwGA1UEAxMlb2lkYy5la3MuYXAtbm9ydGhlYXN0LTIuYW1hem9uYXdzLmNvbTCC\nASIwDQYJKoZIhvcNAQEBBQADggEPADCCAQoCggEBAK9V199nNouibpPgHSrdjrKA\nh5fFlFo9T43Cx07Z6BjDhQT4KobV8IXm+QGQnTzti5hO67Wv2aGyPAItu7jvfPIX\nBJWNe5WZ7oBg9W+iPUkOFJV07YkkJX+NIXN8MokO0bCf8v1AK/4MLyZPZuAFoV55\n+b+iM9sYeXm2Mt91zxWdDytWt13FqdERwRAI9skl3hZYF7Wg0FeQDugkgKGuXiRp\nYtjOl9jR0pPLS6Q3viCT2ErANW1H7x05vM2mVcnAwBT8z27BhIYG+3xgd0m5jPGT\nWa3mDrX8uyKHE0tQY8kQJvkRzZUDziZIjPh9MGVd4j2o6X4evsXnQtIQF9o7MxEC\nAwEAAaOCAv4wggL6MB8GA1UdIwQYMBaAFIG4DmOKiRIY5fo7O1CVn+blkBOFMB0G\nA1UdDgQWBBQprSAZbk9duZEdjwd9ZZ5oQwgBQjAwBgNVHREEKTAngiVvaWRjLmVr\ncy5hcC1ub3J0aGVhc3QtMi5hbWF6b25hd3MuY29tMA4GA1UdDwEB/wQEAwIFoDAd\nBgNVHSUEFjAUBggrBgEFBQcDAQYIKwYBBQUHAwIwOwYDVR0fBDQwMjAwoC6gLIYq\naHR0cDovL2NybC5yMm0wMS5hbWF6b250cnVzdC5jb20vcjJtMDEuY3JsMBMGA1Ud\nIAQMMAowCAYGZ4EMAQIBMHUGCCsGAQUFBwEBBGkwZzAtBggrBgEFBQcwAYYhaHR0\ncDovL29jc3AucjJtMDEuYW1hem9udHJ1c3QuY29tMDYGCCsGAQUFBzAChipodHRw\nOi8vY3J0LnIybTAxLmFtYXpvbnRydXN0LmNvbS9yMm0wMS5jZXIwDAYDVR0TAQH/\nBAIwADCCAX4GCisGAQQB1nkCBAIEggFuBIIBagFoAHYA7s3QZNXbGs7FXLedtM0T\nojKHRny87N7DUUhZRnEftZsAAAGHd/mh3wAABAMARzBFAiEA8+zT1VfKboRYL5Sw\nU1mIKNH0U1LSYbF5cnizNh1leNsCIAvdnHROLELH2uL9S3UDU04dI8PM66URHcHY\nOd39GPyMAHYAc9meiRtMlnigIH1HneayxhzQUV5xGSqMa4AQesF3crUAAAGHd/mh\n4wAABAMARzBFAiAiQkK068IRsD7JoLYOAEA0vrO6MScEt/Hb7JZLPQB0XAIhALAA\n/wlapVmlOsvJwhnW/9EbK8jbAmmOvjeu0/J0nzU6AHYASLDja9qmRzQP5WoC+p0w\n6xxSActW3SyB2bu/qznYhHMAAAGHd/mhvgAABAMARzBFAiBmqOexdM4mV/2G3IKd\nwYj+Jh+07M9w8XcR3ycgl3l60wIhALmt6Tt2WOE7PV4DXwVRbz57fBVrJYH0FJ1O\nasMbUBsKMA0GCSqGSIb3DQEBCwUAA4IBAQC6HSjU8ievDGzXFMKgFZk7v2d3lLYt\nxjzEslrFDC8k6WGziaK/CKBDxWlTEGLMoCnHyxnq0TpNoRY6+A+TWSSlNpNlScMX\njK7+K0BC2p2A8vzUUL4PXt09dxv0HJ2jssKrmIQmRr3xRu9ABY9Sux2Hl+LMRSRw\nSilJ33kJLfzdQSIAM1oiK7Lqu/dmhCziRHzm35WIaRd6GIw3c6XFI2EyRW+y7mAe\nZa4oTQqdQRjKnX59Mvg+yXrRgYFAh1ewMNWE5MW84k8sD8t3hYBd9cxVzIXGlZ8j\nJBXDxdg+hl989ZIoVQtVB0/Xg0RCoXvEInwFyAjnp3cHkh988vWVAagL\n-----END CERTIFICATE-----\n",
                "is_ca": false,
                "issuer": "CN=Amazon RSA 2048 M01,O=Amazon,C=US",
                "not_after": "2024-05-11T23:59:59Z",
                "not_before": "2023-04-13T00:00:00Z",
                "public_key_algorithm": "RSA",
                "serial_number": "21226541110501086854736551841735534657",
                "sha1_fingerprint": "52cf73476fc5e6551455942820e1d4745dc82cc5",
                "signature_algorithm": "SHA256-RSA",
                "subject": "CN=oidc.eks.ap-northeast-2.amazonaws.com",
                "version": 3
              }
            ],
            "content": null,
            "id": "d516f34410b983ad338645e4e1cb5bbfcdf5079b",
            "url": "https://oidc.eks.ap-northeast-2.amazonaws.com/id/09128D6DE1A0E848DADB4D6976C6176B",
            "verify_chain": true
          },
          "sensitive_attributes": []
        }
      ]
    },
    {
      "module": "module.prod.module.eks",
      "mode": "managed",
      "type": "aws_cloudwatch_log_group",
      "name": "this",
      "provider": "provider[\"registry.terraform.io/hashicorp/aws\"]",
      "instances": [
        {
          "index_key": 0,
          "schema_version": 0,
          "attributes": {
            "arn": "arn:aws:logs:ap-northeast-2:013969630346:log-group:/aws/eks/prod-eks-cluster/cluster",
            "id": "/aws/eks/prod-eks-cluster/cluster",
            "kms_key_id": "",
            "name": "/aws/eks/prod-eks-cluster/cluster",
            "name_prefix": "",
            "retention_in_days": 1,
            "skip_destroy": false,
            "tags": {
              "Name": "/aws/eks/prod-eks-cluster/cluster"
            },
            "tags_all": {
              "Name": "/aws/eks/prod-eks-cluster/cluster"
            }
          },
          "sensitive_attributes": [],
          "private": "bnVsbA=="
        }
      ]
    },
    {
      "module": "module.prod.module.eks",
      "mode": "managed",
      "type": "aws_eks_addon",
      "name": "this",
      "provider": "provider[\"registry.terraform.io/hashicorp/aws\"]",
      "instances": [
        {
          "index_key": "coredns",
          "status": "tainted",
          "schema_version": 0,
          "attributes": {
            "addon_name": "coredns",
            "addon_version": "v1.10.1-eksbuild.1",
            "arn": null,
            "cluster_name": "prod-eks-cluster",
            "configuration_values": null,
            "created_at": null,
            "id": "prod-eks-cluster:coredns",
            "modified_at": null,
            "preserve": null,
            "resolve_conflicts": "OVERWRITE",
            "service_account_role_arn": null,
            "tags": null,
            "tags_all": null,
            "timeouts": {
              "create": null,
              "delete": null,
              "update": null
            }
          },
          "sensitive_attributes": [],
          "private": "eyJlMmJmYjczMC1lY2FhLTExZTYtOGY4OC0zNDM2M2JjN2M0YzAiOnsiY3JlYXRlIjoxMjAwMDAwMDAwMDAwLCJkZWxldGUiOjI0MDAwMDAwMDAwMDAsInVwZGF0ZSI6MTIwMDAwMDAwMDAwMH19",
          "dependencies": [
            "module.prod.module.dsc_prod_vpc.aws_subnet.private",
            "module.prod.module.dsc_prod_vpc.aws_vpc.vpc",
            "module.prod.module.dsc_prod_vpc.data.aws_availability_zones.available",
            "module.prod.module.eks.aws_cloudwatch_log_group.this",
            "module.prod.module.eks.aws_eks_cluster.this",
            "module.prod.module.eks.aws_iam_policy.cni_ipv6_policy",
            "module.prod.module.eks.aws_iam_role.this",
            "module.prod.module.eks.aws_iam_role_policy_attachment.this",
            "module.prod.module.eks.aws_security_group.cluster",
            "module.prod.module.eks.aws_security_group.node",
            "module.prod.module.eks.aws_security_group_rule.cluster",
            "module.prod.module.eks.aws_security_group_rule.node",
            "module.prod.module.eks.data.aws_eks_addon_version.this",
            "module.prod.module.eks.data.aws_iam_policy_document.assume_role_policy",
            "module.prod.module.eks.data.aws_iam_session_context.current",
            "module.prod.module.eks.data.aws_partition.current",
            "module.prod.module.eks.module.eks_managed_node_group.aws_autoscaling_schedule.this",
            "module.prod.module.eks.module.eks_managed_node_group.aws_eks_node_group.this",
            "module.prod.module.eks.module.eks_managed_node_group.aws_iam_role.this",
            "module.prod.module.eks.module.eks_managed_node_group.aws_iam_role_policy_attachment.additional",
            "module.prod.module.eks.module.eks_managed_node_group.aws_iam_role_policy_attachment.this",
            "module.prod.module.eks.module.eks_managed_node_group.aws_launch_template.this",
            "module.prod.module.eks.module.eks_managed_node_group.data.aws_caller_identity.current",
            "module.prod.module.eks.module.eks_managed_node_group.data.aws_iam_policy_document.assume_role_policy",
            "module.prod.module.eks.module.eks_managed_node_group.data.aws_partition.current",
            "module.prod.module.eks.module.eks_managed_node_group.module.user_data.data.cloudinit_config.linux_eks_managed_node_group",
            "module.prod.module.eks.module.fargate_profile.aws_eks_fargate_profile.this",
            "module.prod.module.eks.module.fargate_profile.aws_iam_role.this",
            "module.prod.module.eks.module.fargate_profile.aws_iam_role_policy_attachment.additional",
            "module.prod.module.eks.module.fargate_profile.aws_iam_role_policy_attachment.this",
            "module.prod.module.eks.module.fargate_profile.data.aws_caller_identity.current",
            "module.prod.module.eks.module.fargate_profile.data.aws_iam_policy_document.assume_role_policy",
            "module.prod.module.eks.module.fargate_profile.data.aws_partition.current",
            "module.prod.module.eks.module.kms.aws_kms_external_key.this",
            "module.prod.module.eks.module.kms.aws_kms_key.this",
            "module.prod.module.eks.module.kms.data.aws_caller_identity.current",
            "module.prod.module.eks.module.kms.data.aws_iam_policy_document.this",
            "module.prod.module.eks.module.kms.data.aws_partition.current",
            "module.prod.module.eks.module.self_managed_node_group.aws_autoscaling_group.this",
            "module.prod.module.eks.module.self_managed_node_group.aws_autoscaling_schedule.this",
            "module.prod.module.eks.module.self_managed_node_group.aws_iam_instance_profile.this",
            "module.prod.module.eks.module.self_managed_node_group.aws_iam_role.this",
            "module.prod.module.eks.module.self_managed_node_group.aws_iam_role_policy_attachment.additional",
            "module.prod.module.eks.module.self_managed_node_group.aws_iam_role_policy_attachment.this",
            "module.prod.module.eks.module.self_managed_node_group.aws_launch_template.this",
            "module.prod.module.eks.module.self_managed_node_group.data.aws_ami.eks_default",
            "module.prod.module.eks.module.self_managed_node_group.data.aws_caller_identity.current",
            "module.prod.module.eks.module.self_managed_node_group.data.aws_iam_policy_document.assume_role_policy",
            "module.prod.module.eks.module.self_managed_node_group.data.aws_partition.current",
            "module.prod.module.eks.module.self_managed_node_group.module.user_data.data.cloudinit_config.linux_eks_managed_node_group",
            "module.prod.module.eks.time_sleep.this"
          ]
        },
        {
          "index_key": "kube-proxy",
          "schema_version": 0,
          "attributes": {
            "addon_name": "kube-proxy",
            "addon_version": "v1.27.1-eksbuild.1",
            "arn": "arn:aws:eks:ap-northeast-2:013969630346:addon/prod-eks-cluster/kube-proxy/fec44833-9049-a029-9f48-e3caae1bb458",
            "cluster_name": "prod-eks-cluster",
            "configuration_values": "",
            "created_at": "2023-06-06T11:10:57Z",
            "id": "prod-eks-cluster:kube-proxy",
            "modified_at": "2023-06-06T11:11:44Z",
            "preserve": null,
            "resolve_conflicts": "OVERWRITE",
            "service_account_role_arn": "",
            "tags": null,
            "tags_all": {},
            "timeouts": {
              "create": null,
              "delete": null,
              "update": null
            }
          },
          "sensitive_attributes": [],
          "private": "eyJlMmJmYjczMC1lY2FhLTExZTYtOGY4OC0zNDM2M2JjN2M0YzAiOnsiY3JlYXRlIjoxMjAwMDAwMDAwMDAwLCJkZWxldGUiOjI0MDAwMDAwMDAwMDAsInVwZGF0ZSI6MTIwMDAwMDAwMDAwMH19",
          "dependencies": [
            "module.prod.module.dsc_prod_vpc.aws_subnet.private",
            "module.prod.module.dsc_prod_vpc.aws_vpc.vpc",
            "module.prod.module.dsc_prod_vpc.data.aws_availability_zones.available",
            "module.prod.module.eks.aws_cloudwatch_log_group.this",
            "module.prod.module.eks.aws_eks_cluster.this",
            "module.prod.module.eks.aws_iam_policy.cni_ipv6_policy",
            "module.prod.module.eks.aws_iam_role.this",
            "module.prod.module.eks.aws_iam_role_policy_attachment.this",
            "module.prod.module.eks.aws_security_group.cluster",
            "module.prod.module.eks.aws_security_group.node",
            "module.prod.module.eks.aws_security_group_rule.cluster",
            "module.prod.module.eks.aws_security_group_rule.node",
            "module.prod.module.eks.data.aws_eks_addon_version.this",
            "module.prod.module.eks.data.aws_iam_policy_document.assume_role_policy",
            "module.prod.module.eks.data.aws_iam_session_context.current",
            "module.prod.module.eks.data.aws_partition.current",
            "module.prod.module.eks.module.eks_managed_node_group.aws_autoscaling_schedule.this",
            "module.prod.module.eks.module.eks_managed_node_group.aws_eks_node_group.this",
            "module.prod.module.eks.module.eks_managed_node_group.aws_iam_role.this",
            "module.prod.module.eks.module.eks_managed_node_group.aws_iam_role_policy_attachment.additional",
            "module.prod.module.eks.module.eks_managed_node_group.aws_iam_role_policy_attachment.this",
            "module.prod.module.eks.module.eks_managed_node_group.aws_launch_template.this",
            "module.prod.module.eks.module.eks_managed_node_group.data.aws_caller_identity.current",
            "module.prod.module.eks.module.eks_managed_node_group.data.aws_iam_policy_document.assume_role_policy",
            "module.prod.module.eks.module.eks_managed_node_group.data.aws_partition.current",
            "module.prod.module.eks.module.eks_managed_node_group.module.user_data.data.cloudinit_config.linux_eks_managed_node_group",
            "module.prod.module.eks.module.fargate_profile.aws_eks_fargate_profile.this",
            "module.prod.module.eks.module.fargate_profile.aws_iam_role.this",
            "module.prod.module.eks.module.fargate_profile.aws_iam_role_policy_attachment.additional",
            "module.prod.module.eks.module.fargate_profile.aws_iam_role_policy_attachment.this",
            "module.prod.module.eks.module.fargate_profile.data.aws_caller_identity.current",
            "module.prod.module.eks.module.fargate_profile.data.aws_iam_policy_document.assume_role_policy",
            "module.prod.module.eks.module.fargate_profile.data.aws_partition.current",
            "module.prod.module.eks.module.kms.aws_kms_external_key.this",
            "module.prod.module.eks.module.kms.aws_kms_key.this",
            "module.prod.module.eks.module.kms.data.aws_caller_identity.current",
            "module.prod.module.eks.module.kms.data.aws_iam_policy_document.this",
            "module.prod.module.eks.module.kms.data.aws_partition.current",
            "module.prod.module.eks.module.self_managed_node_group.aws_autoscaling_group.this",
            "module.prod.module.eks.module.self_managed_node_group.aws_autoscaling_schedule.this",
            "module.prod.module.eks.module.self_managed_node_group.aws_iam_instance_profile.this",
            "module.prod.module.eks.module.self_managed_node_group.aws_iam_role.this",
            "module.prod.module.eks.module.self_managed_node_group.aws_iam_role_policy_attachment.additional",
            "module.prod.module.eks.module.self_managed_node_group.aws_iam_role_policy_attachment.this",
            "module.prod.module.eks.module.self_managed_node_group.aws_launch_template.this",
            "module.prod.module.eks.module.self_managed_node_group.data.aws_ami.eks_default",
            "module.prod.module.eks.module.self_managed_node_group.data.aws_caller_identity.current",
            "module.prod.module.eks.module.self_managed_node_group.data.aws_iam_policy_document.assume_role_policy",
            "module.prod.module.eks.module.self_managed_node_group.data.aws_partition.current",
            "module.prod.module.eks.module.self_managed_node_group.module.user_data.data.cloudinit_config.linux_eks_managed_node_group",
            "module.prod.module.eks.time_sleep.this"
          ]
        },
        {
          "index_key": "vpc-cni",
          "schema_version": 0,
          "attributes": {
            "addon_name": "vpc-cni",
            "addon_version": "v1.12.6-eksbuild.2",
            "arn": "arn:aws:eks:ap-northeast-2:013969630346:addon/prod-eks-cluster/vpc-cni/42c44833-904d-2ab2-edcb-6accde25b97d",
            "cluster_name": "prod-eks-cluster",
            "configuration_values": "",
            "created_at": "2023-06-06T11:10:58Z",
            "id": "prod-eks-cluster:vpc-cni",
            "modified_at": "2023-06-06T11:11:45Z",
            "preserve": null,
            "resolve_conflicts": "OVERWRITE",
            "service_account_role_arn": "",
            "tags": null,
            "tags_all": {},
            "timeouts": {
              "create": null,
              "delete": null,
              "update": null
            }
          },
          "sensitive_attributes": [],
          "private": "eyJlMmJmYjczMC1lY2FhLTExZTYtOGY4OC0zNDM2M2JjN2M0YzAiOnsiY3JlYXRlIjoxMjAwMDAwMDAwMDAwLCJkZWxldGUiOjI0MDAwMDAwMDAwMDAsInVwZGF0ZSI6MTIwMDAwMDAwMDAwMH19",
          "dependencies": [
            "module.prod.module.dsc_prod_vpc.aws_subnet.private",
            "module.prod.module.dsc_prod_vpc.aws_vpc.vpc",
            "module.prod.module.dsc_prod_vpc.data.aws_availability_zones.available",
            "module.prod.module.eks.aws_cloudwatch_log_group.this",
            "module.prod.module.eks.aws_eks_cluster.this",
            "module.prod.module.eks.aws_iam_policy.cni_ipv6_policy",
            "module.prod.module.eks.aws_iam_role.this",
            "module.prod.module.eks.aws_iam_role_policy_attachment.this",
            "module.prod.module.eks.aws_security_group.cluster",
            "module.prod.module.eks.aws_security_group.node",
            "module.prod.module.eks.aws_security_group_rule.cluster",
            "module.prod.module.eks.aws_security_group_rule.node",
            "module.prod.module.eks.data.aws_eks_addon_version.this",
            "module.prod.module.eks.data.aws_iam_policy_document.assume_role_policy",
            "module.prod.module.eks.data.aws_iam_session_context.current",
            "module.prod.module.eks.data.aws_partition.current",
            "module.prod.module.eks.module.eks_managed_node_group.aws_autoscaling_schedule.this",
            "module.prod.module.eks.module.eks_managed_node_group.aws_eks_node_group.this",
            "module.prod.module.eks.module.eks_managed_node_group.aws_iam_role.this",
            "module.prod.module.eks.module.eks_managed_node_group.aws_iam_role_policy_attachment.additional",
            "module.prod.module.eks.module.eks_managed_node_group.aws_iam_role_policy_attachment.this",
            "module.prod.module.eks.module.eks_managed_node_group.aws_launch_template.this",
            "module.prod.module.eks.module.eks_managed_node_group.data.aws_caller_identity.current",
            "module.prod.module.eks.module.eks_managed_node_group.data.aws_iam_policy_document.assume_role_policy",
            "module.prod.module.eks.module.eks_managed_node_group.data.aws_partition.current",
            "module.prod.module.eks.module.eks_managed_node_group.module.user_data.data.cloudinit_config.linux_eks_managed_node_group",
            "module.prod.module.eks.module.fargate_profile.aws_eks_fargate_profile.this",
            "module.prod.module.eks.module.fargate_profile.aws_iam_role.this",
            "module.prod.module.eks.module.fargate_profile.aws_iam_role_policy_attachment.additional",
            "module.prod.module.eks.module.fargate_profile.aws_iam_role_policy_attachment.this",
            "module.prod.module.eks.module.fargate_profile.data.aws_caller_identity.current",
            "module.prod.module.eks.module.fargate_profile.data.aws_iam_policy_document.assume_role_policy",
            "module.prod.module.eks.module.fargate_profile.data.aws_partition.current",
            "module.prod.module.eks.module.kms.aws_kms_external_key.this",
            "module.prod.module.eks.module.kms.aws_kms_key.this",
            "module.prod.module.eks.module.kms.data.aws_caller_identity.current",
            "module.prod.module.eks.module.kms.data.aws_iam_policy_document.this",
            "module.prod.module.eks.module.kms.data.aws_partition.current",
            "module.prod.module.eks.module.self_managed_node_group.aws_autoscaling_group.this",
            "module.prod.module.eks.module.self_managed_node_group.aws_autoscaling_schedule.this",
            "module.prod.module.eks.module.self_managed_node_group.aws_iam_instance_profile.this",
            "module.prod.module.eks.module.self_managed_node_group.aws_iam_role.this",
            "module.prod.module.eks.module.self_managed_node_group.aws_iam_role_policy_attachment.additional",
            "module.prod.module.eks.module.self_managed_node_group.aws_iam_role_policy_attachment.this",
            "module.prod.module.eks.module.self_managed_node_group.aws_launch_template.this",
            "module.prod.module.eks.module.self_managed_node_group.data.aws_ami.eks_default",
            "module.prod.module.eks.module.self_managed_node_group.data.aws_caller_identity.current",
            "module.prod.module.eks.module.self_managed_node_group.data.aws_iam_policy_document.assume_role_policy",
            "module.prod.module.eks.module.self_managed_node_group.data.aws_partition.current",
            "module.prod.module.eks.module.self_managed_node_group.module.user_data.data.cloudinit_config.linux_eks_managed_node_group",
            "module.prod.module.eks.time_sleep.this"
          ]
        }
      ]
    },
    {
      "module": "module.prod.module.eks",
      "mode": "managed",
      "type": "aws_eks_cluster",
      "name": "this",
      "provider": "provider[\"registry.terraform.io/hashicorp/aws\"]",
      "instances": [
        {
          "index_key": 0,
          "schema_version": 0,
          "attributes": {
            "arn": "arn:aws:eks:ap-northeast-2:013969630346:cluster/prod-eks-cluster",
            "certificate_authority": [
              {
                "data": "LS0tLS1CRUdJTiBDRVJUSUZJQ0FURS0tLS0tCk1JSUMvakNDQWVhZ0F3SUJBZ0lCQURBTkJna3Foa2lHOXcwQkFRc0ZBREFWTVJNd0VRWURWUVFERXdwcmRXSmwKY201bGRHVnpNQjRYRFRJek1EWXdOakV4TURVek1Wb1hEVE16TURZd016RXhNRFV6TVZvd0ZURVRNQkVHQTFVRQpBeE1LYTNWaVpYSnVaWFJsY3pDQ0FTSXdEUVlKS29aSWh2Y05BUUVCQlFBRGdnRVBBRENDQVFvQ2dnRUJBTnhaCnlia3FwVTZ5TzJtQ3RUL1IvU1lmeDN2YVFGelFwdnA1bnN3Rmp1Z0p5UlFNWmlnK2tEbThxZVlLa1NmajdneDAKVkZwRlhvWE1iZVFCZjlOUnFsdW81K2pFOWk0ekNBVDh6V093ZHdUWVNKYkM4ZlBwdHdhYkJ3a2dNMVBwaWVWWgpxTHpJZlZZbnhRL0UvSkhtWi83NlE0WUVScjlFdnFxN0dKMHE1L3YzQjh0VDZmZDIwNml5MFlMTzZJVWVpbnE3ClFkcDlhUEZpekRBdTdlbEZLbysxRlpsYUxITTVDNDN0d2t1Y1g4b2ZoTlYrM01zVU1BK3dLbzZRcUVjTDZIZ20KVitiUFF0WDNzUW95eFdsaDV0OWNLbGMxTnBRYXBRTk5yZzhkNERYNTB4ajh1VFgvQTZzVDNvS2R1cEpDaXd5RApTVVFVTS9qY1hHcUw1MEQyc1MwQ0F3RUFBYU5aTUZjd0RnWURWUjBQQVFIL0JBUURBZ0trTUE4R0ExVWRFd0VCCi93UUZNQU1CQWY4d0hRWURWUjBPQkJZRUZLNkFpc3hNb3lYa3YyaWd4d1BNanBXMVlCS2lNQlVHQTFVZEVRUU8KTUF5Q0NtdDFZbVZ5Ym1WMFpYTXdEUVlKS29aSWh2Y05BUUVMQlFBRGdnRUJBQkRsQjFUcmxsbjN4d2ZtMm5hawo1N3UwVzY3aFNWVVNTdkZTZmdZTERYb0Q1WE5aaDcyYXNwaDZQaUdDUzVNT0w5ckM1OUFObTc5Y2d0YUVxbWVtCmw0K0paZm4zNFZsSEkzaEFsczZKVkNmbTNqUmZLaklJVVdLYUFZOU1JYVNmWUtCZWlJdU13bUh6Y3hsY2FCQnkKV2tBVk9aQmxFN3NzNUh6eTRrM2Foa2R5SXN0UnhRbm9Gb3YvWmZSYXlRTG5McVZYbVRhcXowMVFaekhBeDhpVQpuLytNbTk4eE8vSG5oTzdCTXE2VUZtMGpOOGlTaU5zenN1ZGN6Rjc3Szc4OTM4ODg0Ui8vVVJUcklRWUpsNzhuClg2czQ3Mm5NSXJkeE1WRWRTZFc5L3VudFNsYWZjdW5OUW5FdHBhZHdhMHhVNzhjcmxjVUVkcGNuZnlrY1dnd1gKaks4PQotLS0tLUVORCBDRVJUSUZJQ0FURS0tLS0tCg=="
              }
            ],
            "cluster_id": null,
            "created_at": "2023-06-06 11:00:17.05 +0000 UTC",
            "enabled_cluster_log_types": [
              "api",
              "audit",
              "authenticator"
            ],
            "encryption_config": [
              {
                "provider": [
                  {
                    "key_arn": "arn:aws:kms:ap-northeast-2:013969630346:key/687c516f-7450-4ebe-a377-a40ccb001f1d"
                  }
                ],
                "resources": [
                  "secrets"
                ]
              }
            ],
            "endpoint": "https://09128D6DE1A0E848DADB4D6976C6176B.sk1.ap-northeast-2.eks.amazonaws.com",
            "id": "prod-eks-cluster",
            "identity": [
              {
                "oidc": [
                  {
                    "issuer": "https://oidc.eks.ap-northeast-2.amazonaws.com/id/09128D6DE1A0E848DADB4D6976C6176B"
                  }
                ]
              }
            ],
            "kubernetes_network_config": [
              {
                "ip_family": "ipv4",
                "service_ipv4_cidr": "172.20.0.0/16",
                "service_ipv6_cidr": ""
              }
            ],
            "name": "prod-eks-cluster",
            "outpost_config": [],
            "platform_version": "eks.1",
            "role_arn": "arn:aws:iam::013969630346:role/prod-eks-cluster-cluster-20230606105956838900000002",
            "status": "ACTIVE",
            "tags": null,
            "tags_all": {},
            "timeouts": {
              "create": null,
              "delete": null,
              "update": null
            },
            "version": "1.27",
            "vpc_config": [
              {
                "cluster_security_group_id": "sg-01fb97997ea0770c0",
                "endpoint_private_access": false,
                "endpoint_public_access": true,
                "public_access_cidrs": [
                  "0.0.0.0/0"
                ],
                "security_group_ids": [
                  "sg-08aec7a75322f4756"
                ],
                "subnet_ids": [
                  "subnet-05383b97cc3d5989e",
                  "subnet-0ae45e081075d79a9",
                  "subnet-0c4be3c8c0aa443ce"
                ],
                "vpc_id": "vpc-00fd4a3ed23c9860c"
              }
            ]
          },
          "sensitive_attributes": [],
          "private": "eyJlMmJmYjczMC1lY2FhLTExZTYtOGY4OC0zNDM2M2JjN2M0YzAiOnsiY3JlYXRlIjoxODAwMDAwMDAwMDAwLCJkZWxldGUiOjkwMDAwMDAwMDAwMCwidXBkYXRlIjozNjAwMDAwMDAwMDAwfX0=",
          "dependencies": [
            "module.prod.module.dsc_prod_vpc.aws_subnet.private",
            "module.prod.module.dsc_prod_vpc.aws_vpc.vpc",
            "module.prod.module.dsc_prod_vpc.data.aws_availability_zones.available",
            "module.prod.module.eks.aws_cloudwatch_log_group.this",
            "module.prod.module.eks.aws_iam_policy.cni_ipv6_policy",
            "module.prod.module.eks.aws_iam_role.this",
            "module.prod.module.eks.aws_iam_role_policy_attachment.this",
            "module.prod.module.eks.aws_security_group.cluster",
            "module.prod.module.eks.aws_security_group.node",
            "module.prod.module.eks.aws_security_group_rule.cluster",
            "module.prod.module.eks.aws_security_group_rule.node",
            "module.prod.module.eks.data.aws_iam_policy_document.assume_role_policy",
            "module.prod.module.eks.data.aws_iam_session_context.current",
            "module.prod.module.eks.data.aws_partition.current",
            "module.prod.module.eks.module.kms.aws_kms_external_key.this",
            "module.prod.module.eks.module.kms.aws_kms_key.this",
            "module.prod.module.eks.module.kms.data.aws_caller_identity.current",
            "module.prod.module.eks.module.kms.data.aws_iam_policy_document.this",
            "module.prod.module.eks.module.kms.data.aws_partition.current"
          ]
        }
      ]
    },
    {
      "module": "module.prod.module.eks",
      "mode": "managed",
      "type": "aws_iam_openid_connect_provider",
      "name": "oidc_provider",
      "provider": "provider[\"registry.terraform.io/hashicorp/aws\"]",
      "instances": [
        {
          "index_key": 0,
          "schema_version": 0,
          "attributes": {
            "arn": "arn:aws:iam::013969630346:oidc-provider/oidc.eks.ap-northeast-2.amazonaws.com/id/09128D6DE1A0E848DADB4D6976C6176B",
            "client_id_list": [
              "sts.amazonaws.com"
            ],
            "id": "arn:aws:iam::013969630346:oidc-provider/oidc.eks.ap-northeast-2.amazonaws.com/id/09128D6DE1A0E848DADB4D6976C6176B",
            "tags": {
              "Name": "prod-eks-cluster-eks-irsa"
            },
            "tags_all": {
              "Name": "prod-eks-cluster-eks-irsa"
            },
            "thumbprint_list": [
              "9e99a48a9960b14926bb7f3b02e22da2b0ab7280",
              "06b25927c42a721631c1efd9431e648fa62e1e39",
              "2ad974a775f73cbdbbd8f5ac3a49255fa8fb1f8c",
              "52cf73476fc5e6551455942820e1d4745dc82cc5"
            ],
            "url": "oidc.eks.ap-northeast-2.amazonaws.com/id/09128D6DE1A0E848DADB4D6976C6176B"
          },
          "sensitive_attributes": [],
          "private": "bnVsbA==",
          "dependencies": [
            "module.prod.module.dsc_prod_vpc.aws_subnet.private",
            "module.prod.module.dsc_prod_vpc.aws_vpc.vpc",
            "module.prod.module.dsc_prod_vpc.data.aws_availability_zones.available",
            "module.prod.module.eks.aws_cloudwatch_log_group.this",
            "module.prod.module.eks.aws_eks_cluster.this",
            "module.prod.module.eks.aws_iam_policy.cni_ipv6_policy",
            "module.prod.module.eks.aws_iam_role.this",
            "module.prod.module.eks.aws_iam_role_policy_attachment.this",
            "module.prod.module.eks.aws_security_group.cluster",
            "module.prod.module.eks.aws_security_group.node",
            "module.prod.module.eks.aws_security_group_rule.cluster",
            "module.prod.module.eks.aws_security_group_rule.node",
            "module.prod.module.eks.data.aws_iam_policy_document.assume_role_policy",
            "module.prod.module.eks.data.aws_iam_session_context.current",
            "module.prod.module.eks.data.aws_partition.current",
            "module.prod.module.eks.data.tls_certificate.this",
            "module.prod.module.eks.module.kms.aws_kms_external_key.this",
            "module.prod.module.eks.module.kms.aws_kms_key.this",
            "module.prod.module.eks.module.kms.data.aws_caller_identity.current",
            "module.prod.module.eks.module.kms.data.aws_iam_policy_document.this",
            "module.prod.module.eks.module.kms.data.aws_partition.current"
          ]
        }
      ]
    },
    {
      "module": "module.prod.module.eks",
      "mode": "managed",
      "type": "aws_iam_policy",
      "name": "cluster_encryption",
      "provider": "provider[\"registry.terraform.io/hashicorp/aws\"]",
      "instances": [
        {
          "index_key": 0,
          "schema_version": 0,
          "attributes": {
            "arn": "arn:aws:iam::013969630346:policy/prod-eks-cluster-cluster-ClusterEncryption20230606110015299000000009",
            "description": "Cluster encryption policy to allow cluster role to utilize CMK provided",
            "id": "arn:aws:iam::013969630346:policy/prod-eks-cluster-cluster-ClusterEncryption20230606110015299000000009",
            "name": "prod-eks-cluster-cluster-ClusterEncryption20230606110015299000000009",
            "name_prefix": "prod-eks-cluster-cluster-ClusterEncryption",
            "path": "/",
            "policy": "{\"Statement\":[{\"Action\":[\"kms:Encrypt\",\"kms:Decrypt\",\"kms:ListGrants\",\"kms:DescribeKey\"],\"Effect\":\"Allow\",\"Resource\":\"arn:aws:kms:ap-northeast-2:013969630346:key/687c516f-7450-4ebe-a377-a40ccb001f1d\"}],\"Version\":\"2012-10-17\"}",
            "policy_id": "ANPAQGQFHUSFDQEZUPWX4",
            "tags": null,
            "tags_all": {}
          },
          "sensitive_attributes": [],
          "private": "bnVsbA==",
          "dependencies": [
            "module.prod.module.eks.aws_iam_role.this",
            "module.prod.module.eks.data.aws_iam_policy_document.assume_role_policy",
            "module.prod.module.eks.data.aws_iam_session_context.current",
            "module.prod.module.eks.module.kms.aws_kms_external_key.this",
            "module.prod.module.eks.module.kms.aws_kms_key.this",
            "module.prod.module.eks.module.kms.data.aws_caller_identity.current",
            "module.prod.module.eks.module.kms.data.aws_iam_policy_document.this",
            "module.prod.module.eks.module.kms.data.aws_partition.current"
          ]
        }
      ]
    },
    {
      "module": "module.prod.module.eks",
      "mode": "managed",
      "type": "aws_iam_policy",
      "name": "cni_ipv6_policy",
      "provider": "provider[\"registry.terraform.io/hashicorp/aws\"]",
      "instances": []
    },
    {
      "module": "module.prod.module.eks",
      "mode": "managed",
      "type": "aws_iam_role",
      "name": "this",
      "provider": "provider[\"registry.terraform.io/hashicorp/aws\"]",
      "instances": [
        {
          "index_key": 0,
          "schema_version": 0,
          "attributes": {
            "arn": "arn:aws:iam::013969630346:role/prod-eks-cluster-cluster-20230606105956838900000002",
            "assume_role_policy": "{\"Statement\":[{\"Action\":\"sts:AssumeRole\",\"Effect\":\"Allow\",\"Principal\":{\"Service\":\"eks.amazonaws.com\"},\"Sid\":\"EKSClusterAssumeRole\"}],\"Version\":\"2012-10-17\"}",
            "create_date": "2023-06-06T10:59:57Z",
            "description": "",
            "force_detach_policies": true,
            "id": "prod-eks-cluster-cluster-20230606105956838900000002",
            "inline_policy": [
              {
                "name": "prod-eks-cluster-cluster",
                "policy": "{\"Version\":\"2012-10-17\",\"Statement\":[{\"Action\":[\"logs:CreateLogGroup\"],\"Effect\":\"Deny\",\"Resource\":\"*\"}]}"
              }
            ],
            "managed_policy_arns": [],
            "max_session_duration": 3600,
            "name": "prod-eks-cluster-cluster-20230606105956838900000002",
            "name_prefix": "prod-eks-cluster-cluster-",
            "path": "/",
            "permissions_boundary": null,
            "role_last_used": [
              {
                "last_used_date": "",
                "region": ""
              }
            ],
            "tags": null,
            "tags_all": {},
            "unique_id": "AROAQGQFHUSFDZS26VXUX"
          },
          "sensitive_attributes": [],
          "private": "bnVsbA==",
          "dependencies": [
            "module.prod.module.eks.data.aws_iam_policy_document.assume_role_policy"
          ]
        }
      ]
    },
    {
      "module": "module.prod.module.eks",
      "mode": "managed",
      "type": "aws_iam_role_policy_attachment",
      "name": "cluster_encryption",
      "provider": "provider[\"registry.terraform.io/hashicorp/aws\"]",
      "instances": [
        {
          "index_key": 0,
          "schema_version": 0,
          "attributes": {
            "id": "prod-eks-cluster-cluster-20230606105956838900000002-2023060611001646480000000a",
            "policy_arn": "arn:aws:iam::013969630346:policy/prod-eks-cluster-cluster-ClusterEncryption20230606110015299000000009",
            "role": "prod-eks-cluster-cluster-20230606105956838900000002"
          },
          "sensitive_attributes": [],
          "private": "bnVsbA==",
          "dependencies": [
            "module.prod.module.eks.aws_iam_policy.cluster_encryption",
            "module.prod.module.eks.aws_iam_role.this",
            "module.prod.module.eks.data.aws_iam_policy_document.assume_role_policy",
            "module.prod.module.eks.data.aws_iam_session_context.current",
            "module.prod.module.eks.module.kms.aws_kms_external_key.this",
            "module.prod.module.eks.module.kms.aws_kms_key.this",
            "module.prod.module.eks.module.kms.data.aws_caller_identity.current",
            "module.prod.module.eks.module.kms.data.aws_iam_policy_document.this",
            "module.prod.module.eks.module.kms.data.aws_partition.current"
          ]
        }
      ]
    },
    {
      "module": "module.prod.module.eks",
      "mode": "managed",
      "type": "aws_iam_role_policy_attachment",
      "name": "this",
      "provider": "provider[\"registry.terraform.io/hashicorp/aws\"]",
      "instances": [
        {
          "index_key": "AmazonEKSClusterPolicy",
          "schema_version": 0,
          "attributes": {
            "id": "prod-eks-cluster-cluster-20230606105956838900000002-20230606105959569900000005",
            "policy_arn": "arn:aws:iam::aws:policy/AmazonEKSClusterPolicy",
            "role": "prod-eks-cluster-cluster-20230606105956838900000002"
          },
          "sensitive_attributes": [],
          "private": "bnVsbA==",
          "dependencies": [
            "module.prod.module.eks.aws_iam_role.this",
            "module.prod.module.eks.data.aws_iam_policy_document.assume_role_policy",
            "module.prod.module.eks.data.aws_partition.current"
          ]
        },
        {
          "index_key": "AmazonEKSVPCResourceController",
          "schema_version": 0,
          "attributes": {
            "id": "prod-eks-cluster-cluster-20230606105956838900000002-20230606105959577600000006",
            "policy_arn": "arn:aws:iam::aws:policy/AmazonEKSVPCResourceController",
            "role": "prod-eks-cluster-cluster-20230606105956838900000002"
          },
          "sensitive_attributes": [],
          "private": "bnVsbA==",
          "dependencies": [
            "module.prod.module.eks.aws_iam_role.this",
            "module.prod.module.eks.data.aws_iam_policy_document.assume_role_policy",
            "module.prod.module.eks.data.aws_partition.current"
          ]
        }
      ]
    },
    {
      "module": "module.prod.module.eks",
      "mode": "managed",
      "type": "aws_security_group",
      "name": "cluster",
      "provider": "provider[\"registry.terraform.io/hashicorp/aws\"]",
      "instances": [
        {
          "index_key": 0,
          "schema_version": 1,
          "attributes": {
            "arn": "arn:aws:ec2:ap-northeast-2:013969630346:security-group/sg-08aec7a75322f4756",
            "description": "EKS cluster security group",
            "egress": [],
            "id": "sg-08aec7a75322f4756",
            "ingress": [],
            "name": "prod-eks-cluster-cluster-20230606110009105600000008",
            "name_prefix": "prod-eks-cluster-cluster-",
            "owner_id": "013969630346",
            "revoke_rules_on_delete": false,
            "tags": {
              "Name": "prod-eks-cluster-cluster"
            },
            "tags_all": {
              "Name": "prod-eks-cluster-cluster"
            },
            "timeouts": null,
            "vpc_id": "vpc-00fd4a3ed23c9860c"
          },
          "sensitive_attributes": [],
          "private": "eyJlMmJmYjczMC1lY2FhLTExZTYtOGY4OC0zNDM2M2JjN2M0YzAiOnsiY3JlYXRlIjo2MDAwMDAwMDAwMDAsImRlbGV0ZSI6OTAwMDAwMDAwMDAwfSwic2NoZW1hX3ZlcnNpb24iOiIxIn0=",
          "dependencies": [
            "module.prod.module.dsc_prod_vpc.aws_vpc.vpc"
          ],
          "create_before_destroy": true
        }
      ]
    },
    {
      "module": "module.prod.module.eks",
      "mode": "managed",
      "type": "aws_security_group",
      "name": "node",
      "provider": "provider[\"registry.terraform.io/hashicorp/aws\"]",
      "instances": [
        {
          "index_key": 0,
          "schema_version": 1,
          "attributes": {
            "arn": "arn:aws:ec2:ap-northeast-2:013969630346:security-group/sg-0a376beffab81fc35",
            "description": "EKS node shared security group",
            "egress": [],
            "id": "sg-0a376beffab81fc35",
            "ingress": [],
            "name": "prod-eks-cluster-node-20230606110009105200000007",
            "name_prefix": "prod-eks-cluster-node-",
            "owner_id": "013969630346",
            "revoke_rules_on_delete": false,
            "tags": {
              "Name": "prod-eks-cluster-node",
              "kubernetes.io/cluster/prod-eks-cluster": "owned"
            },
            "tags_all": {
              "Name": "prod-eks-cluster-node",
              "kubernetes.io/cluster/prod-eks-cluster": "owned"
            },
            "timeouts": null,
            "vpc_id": "vpc-00fd4a3ed23c9860c"
          },
          "sensitive_attributes": [],
          "private": "eyJlMmJmYjczMC1lY2FhLTExZTYtOGY4OC0zNDM2M2JjN2M0YzAiOnsiY3JlYXRlIjo2MDAwMDAwMDAwMDAsImRlbGV0ZSI6OTAwMDAwMDAwMDAwfSwic2NoZW1hX3ZlcnNpb24iOiIxIn0=",
          "dependencies": [
            "module.prod.module.dsc_prod_vpc.aws_vpc.vpc"
          ],
          "create_before_destroy": true
        }
      ]
    },
    {
      "module": "module.prod.module.eks",
      "mode": "managed",
      "type": "aws_security_group_rule",
      "name": "cluster",
      "provider": "provider[\"registry.terraform.io/hashicorp/aws\"]",
      "instances": [
        {
          "index_key": "ingress_nodes_443",
          "schema_version": 2,
          "attributes": {
            "cidr_blocks": null,
            "description": "Node groups to cluster API",
            "from_port": 443,
            "id": "sgrule-599154687",
            "ipv6_cidr_blocks": null,
            "prefix_list_ids": null,
            "protocol": "tcp",
            "security_group_id": "sg-08aec7a75322f4756",
            "security_group_rule_id": "sgr-0a9f45991ab4f0cbf",
            "self": false,
            "source_security_group_id": "sg-0a376beffab81fc35",
            "timeouts": null,
            "to_port": 443,
            "type": "ingress"
          },
          "sensitive_attributes": [],
          "private": "eyJlMmJmYjczMC1lY2FhLTExZTYtOGY4OC0zNDM2M2JjN2M0YzAiOnsiY3JlYXRlIjozMDAwMDAwMDAwMDB9LCJzY2hlbWFfdmVyc2lvbiI6IjIifQ==",
          "dependencies": [
            "module.prod.module.dsc_prod_vpc.aws_vpc.vpc",
            "module.prod.module.eks.aws_security_group.cluster",
            "module.prod.module.eks.aws_security_group.node"
          ]
        }
      ]
    },
    {
      "module": "module.prod.module.eks",
      "mode": "managed",
      "type": "aws_security_group_rule",
      "name": "node",
      "provider": "provider[\"registry.terraform.io/hashicorp/aws\"]",
      "instances": [
        {
          "index_key": "egress_all",
          "schema_version": 2,
          "attributes": {
            "cidr_blocks": [
              "0.0.0.0/0"
            ],
            "description": "Allow all egress",
            "from_port": 0,
            "id": "sgrule-3171201617",
            "ipv6_cidr_blocks": null,
            "prefix_list_ids": [],
            "protocol": "-1",
            "security_group_id": "sg-0a376beffab81fc35",
            "security_group_rule_id": "sgr-022587f69c3003748",
            "self": false,
            "source_security_group_id": null,
            "timeouts": null,
            "to_port": 0,
            "type": "egress"
          },
          "sensitive_attributes": [],
          "private": "eyJlMmJmYjczMC1lY2FhLTExZTYtOGY4OC0zNDM2M2JjN2M0YzAiOnsiY3JlYXRlIjozMDAwMDAwMDAwMDB9LCJzY2hlbWFfdmVyc2lvbiI6IjIifQ==",
          "dependencies": [
            "module.prod.module.dsc_prod_vpc.aws_vpc.vpc",
            "module.prod.module.eks.aws_security_group.cluster",
            "module.prod.module.eks.aws_security_group.node"
          ]
        },
        {
          "index_key": "ingress_cluster_443",
          "schema_version": 2,
          "attributes": {
            "cidr_blocks": null,
            "description": "Cluster API to node groups",
            "from_port": 443,
            "id": "sgrule-1357773375",
            "ipv6_cidr_blocks": null,
            "prefix_list_ids": [],
            "protocol": "tcp",
            "security_group_id": "sg-0a376beffab81fc35",
            "security_group_rule_id": "sgr-0cfa598e4e1421607",
            "self": false,
            "source_security_group_id": "sg-08aec7a75322f4756",
            "timeouts": null,
            "to_port": 443,
            "type": "ingress"
          },
          "sensitive_attributes": [],
          "private": "eyJlMmJmYjczMC1lY2FhLTExZTYtOGY4OC0zNDM2M2JjN2M0YzAiOnsiY3JlYXRlIjozMDAwMDAwMDAwMDB9LCJzY2hlbWFfdmVyc2lvbiI6IjIifQ==",
          "dependencies": [
            "module.prod.module.dsc_prod_vpc.aws_vpc.vpc",
            "module.prod.module.eks.aws_security_group.cluster",
            "module.prod.module.eks.aws_security_group.node"
          ]
        },
        {
          "index_key": "ingress_cluster_4443_webhook",
          "schema_version": 2,
          "attributes": {
            "cidr_blocks": null,
            "description": "Cluster API to node 4443/tcp webhook",
            "from_port": 4443,
            "id": "sgrule-2501281340",
            "ipv6_cidr_blocks": null,
            "prefix_list_ids": [],
            "protocol": "tcp",
            "security_group_id": "sg-0a376beffab81fc35",
            "security_group_rule_id": "sgr-0cd95384419803d1a",
            "self": false,
            "source_security_group_id": "sg-08aec7a75322f4756",
            "timeouts": null,
            "to_port": 4443,
            "type": "ingress"
          },
          "sensitive_attributes": [],
          "private": "eyJlMmJmYjczMC1lY2FhLTExZTYtOGY4OC0zNDM2M2JjN2M0YzAiOnsiY3JlYXRlIjozMDAwMDAwMDAwMDB9LCJzY2hlbWFfdmVyc2lvbiI6IjIifQ==",
          "dependencies": [
            "module.prod.module.dsc_prod_vpc.aws_vpc.vpc",
            "module.prod.module.eks.aws_security_group.cluster",
            "module.prod.module.eks.aws_security_group.node"
          ]
        },
        {
          "index_key": "ingress_cluster_6443_webhook",
          "schema_version": 2,
          "attributes": {
            "cidr_blocks": null,
            "description": "Cluster API to node 6443/tcp webhook",
            "from_port": 6443,
            "id": "sgrule-1549066666",
            "ipv6_cidr_blocks": null,
            "prefix_list_ids": [],
            "protocol": "tcp",
            "security_group_id": "sg-0a376beffab81fc35",
            "security_group_rule_id": "sgr-0b996a3a60534e8df",
            "self": false,
            "source_security_group_id": "sg-08aec7a75322f4756",
            "timeouts": null,
            "to_port": 6443,
            "type": "ingress"
          },
          "sensitive_attributes": [],
          "private": "eyJlMmJmYjczMC1lY2FhLTExZTYtOGY4OC0zNDM2M2JjN2M0YzAiOnsiY3JlYXRlIjozMDAwMDAwMDAwMDB9LCJzY2hlbWFfdmVyc2lvbiI6IjIifQ==",
          "dependencies": [
            "module.prod.module.dsc_prod_vpc.aws_vpc.vpc",
            "module.prod.module.eks.aws_security_group.cluster",
            "module.prod.module.eks.aws_security_group.node"
          ]
        },
        {
          "index_key": "ingress_cluster_8443_webhook",
          "schema_version": 2,
          "attributes": {
            "cidr_blocks": null,
            "description": "Cluster API to node 8443/tcp webhook",
            "from_port": 8443,
            "id": "sgrule-1325981067",
            "ipv6_cidr_blocks": null,
            "prefix_list_ids": [],
            "protocol": "tcp",
            "security_group_id": "sg-0a376beffab81fc35",
            "security_group_rule_id": "sgr-06c9a7294f0d66c58",
            "self": false,
            "source_security_group_id": "sg-08aec7a75322f4756",
            "timeouts": null,
            "to_port": 8443,
            "type": "ingress"
          },
          "sensitive_attributes": [],
          "private": "eyJlMmJmYjczMC1lY2FhLTExZTYtOGY4OC0zNDM2M2JjN2M0YzAiOnsiY3JlYXRlIjozMDAwMDAwMDAwMDB9LCJzY2hlbWFfdmVyc2lvbiI6IjIifQ==",
          "dependencies": [
            "module.prod.module.dsc_prod_vpc.aws_vpc.vpc",
            "module.prod.module.eks.aws_security_group.cluster",
            "module.prod.module.eks.aws_security_group.node"
          ]
        },
        {
          "index_key": "ingress_cluster_9443_webhook",
          "schema_version": 2,
          "attributes": {
            "cidr_blocks": null,
            "description": "Cluster API to node 9443/tcp webhook",
            "from_port": 9443,
            "id": "sgrule-732556864",
            "ipv6_cidr_blocks": null,
            "prefix_list_ids": [],
            "protocol": "tcp",
            "security_group_id": "sg-0a376beffab81fc35",
            "security_group_rule_id": "sgr-0b62b8ed9def5e944",
            "self": false,
            "source_security_group_id": "sg-08aec7a75322f4756",
            "timeouts": null,
            "to_port": 9443,
            "type": "ingress"
          },
          "sensitive_attributes": [],
          "private": "eyJlMmJmYjczMC1lY2FhLTExZTYtOGY4OC0zNDM2M2JjN2M0YzAiOnsiY3JlYXRlIjozMDAwMDAwMDAwMDB9LCJzY2hlbWFfdmVyc2lvbiI6IjIifQ==",
          "dependencies": [
            "module.prod.module.dsc_prod_vpc.aws_vpc.vpc",
            "module.prod.module.eks.aws_security_group.cluster",
            "module.prod.module.eks.aws_security_group.node"
          ]
        },
        {
          "index_key": "ingress_cluster_kubelet",
          "schema_version": 2,
          "attributes": {
            "cidr_blocks": null,
            "description": "Cluster API to node kubelets",
            "from_port": 10250,
            "id": "sgrule-1559165597",
            "ipv6_cidr_blocks": null,
            "prefix_list_ids": [],
            "protocol": "tcp",
            "security_group_id": "sg-0a376beffab81fc35",
            "security_group_rule_id": "sgr-05dc6169a2c6fe9f0",
            "self": false,
            "source_security_group_id": "sg-08aec7a75322f4756",
            "timeouts": null,
            "to_port": 10250,
            "type": "ingress"
          },
          "sensitive_attributes": [],
          "private": "eyJlMmJmYjczMC1lY2FhLTExZTYtOGY4OC0zNDM2M2JjN2M0YzAiOnsiY3JlYXRlIjozMDAwMDAwMDAwMDB9LCJzY2hlbWFfdmVyc2lvbiI6IjIifQ==",
          "dependencies": [
            "module.prod.module.dsc_prod_vpc.aws_vpc.vpc",
            "module.prod.module.eks.aws_security_group.cluster",
            "module.prod.module.eks.aws_security_group.node"
          ]
        },
        {
          "index_key": "ingress_nodes_ephemeral",
          "schema_version": 2,
          "attributes": {
            "cidr_blocks": null,
            "description": "Node to node ingress on ephemeral ports",
            "from_port": 1025,
            "id": "sgrule-1067020870",
            "ipv6_cidr_blocks": null,
            "prefix_list_ids": [],
            "protocol": "tcp",
            "security_group_id": "sg-0a376beffab81fc35",
            "security_group_rule_id": "sgr-0cddde6fc46c08fc7",
            "self": true,
            "source_security_group_id": null,
            "timeouts": null,
            "to_port": 65535,
            "type": "ingress"
          },
          "sensitive_attributes": [],
          "private": "eyJlMmJmYjczMC1lY2FhLTExZTYtOGY4OC0zNDM2M2JjN2M0YzAiOnsiY3JlYXRlIjozMDAwMDAwMDAwMDB9LCJzY2hlbWFfdmVyc2lvbiI6IjIifQ==",
          "dependencies": [
            "module.prod.module.dsc_prod_vpc.aws_vpc.vpc",
            "module.prod.module.eks.aws_security_group.cluster",
            "module.prod.module.eks.aws_security_group.node"
          ]
        },
        {
          "index_key": "ingress_self_coredns_tcp",
          "schema_version": 2,
          "attributes": {
            "cidr_blocks": null,
            "description": "Node to node CoreDNS",
            "from_port": 53,
            "id": "sgrule-3170815130",
            "ipv6_cidr_blocks": null,
            "prefix_list_ids": [],
            "protocol": "tcp",
            "security_group_id": "sg-0a376beffab81fc35",
            "security_group_rule_id": "sgr-061480549bacfe159",
            "self": true,
            "source_security_group_id": null,
            "timeouts": null,
            "to_port": 53,
            "type": "ingress"
          },
          "sensitive_attributes": [],
          "private": "eyJlMmJmYjczMC1lY2FhLTExZTYtOGY4OC0zNDM2M2JjN2M0YzAiOnsiY3JlYXRlIjozMDAwMDAwMDAwMDB9LCJzY2hlbWFfdmVyc2lvbiI6IjIifQ==",
          "dependencies": [
            "module.prod.module.dsc_prod_vpc.aws_vpc.vpc",
            "module.prod.module.eks.aws_security_group.cluster",
            "module.prod.module.eks.aws_security_group.node"
          ]
        },
        {
          "index_key": "ingress_self_coredns_udp",
          "schema_version": 2,
          "attributes": {
            "cidr_blocks": null,
            "description": "Node to node CoreDNS UDP",
            "from_port": 53,
            "id": "sgrule-413233013",
            "ipv6_cidr_blocks": null,
            "prefix_list_ids": [],
            "protocol": "udp",
            "security_group_id": "sg-0a376beffab81fc35",
            "security_group_rule_id": "sgr-044066da74801dbfb",
            "self": true,
            "source_security_group_id": null,
            "timeouts": null,
            "to_port": 53,
            "type": "ingress"
          },
          "sensitive_attributes": [],
          "private": "eyJlMmJmYjczMC1lY2FhLTExZTYtOGY4OC0zNDM2M2JjN2M0YzAiOnsiY3JlYXRlIjozMDAwMDAwMDAwMDB9LCJzY2hlbWFfdmVyc2lvbiI6IjIifQ==",
          "dependencies": [
            "module.prod.module.dsc_prod_vpc.aws_vpc.vpc",
            "module.prod.module.eks.aws_security_group.cluster",
            "module.prod.module.eks.aws_security_group.node"
          ]
        }
      ]
    },
    {
      "module": "module.prod.module.eks",
      "mode": "managed",
      "type": "time_sleep",
      "name": "this",
      "provider": "provider[\"registry.terraform.io/hashicorp/time\"]",
      "instances": [
        {
          "index_key": 0,
          "schema_version": 0,
          "attributes": {
            "create_duration": "30s",
            "destroy_duration": null,
            "id": "2023-06-06T11:08:28Z",
            "triggers": {
              "cluster_certificate_authority_data": "LS0tLS1CRUdJTiBDRVJUSUZJQ0FURS0tLS0tCk1JSUMvakNDQWVhZ0F3SUJBZ0lCQURBTkJna3Foa2lHOXcwQkFRc0ZBREFWTVJNd0VRWURWUVFERXdwcmRXSmwKY201bGRHVnpNQjRYRFRJek1EWXdOakV4TURVek1Wb1hEVE16TURZd016RXhNRFV6TVZvd0ZURVRNQkVHQTFVRQpBeE1LYTNWaVpYSnVaWFJsY3pDQ0FTSXdEUVlKS29aSWh2Y05BUUVCQlFBRGdnRVBBRENDQVFvQ2dnRUJBTnhaCnlia3FwVTZ5TzJtQ3RUL1IvU1lmeDN2YVFGelFwdnA1bnN3Rmp1Z0p5UlFNWmlnK2tEbThxZVlLa1NmajdneDAKVkZwRlhvWE1iZVFCZjlOUnFsdW81K2pFOWk0ekNBVDh6V093ZHdUWVNKYkM4ZlBwdHdhYkJ3a2dNMVBwaWVWWgpxTHpJZlZZbnhRL0UvSkhtWi83NlE0WUVScjlFdnFxN0dKMHE1L3YzQjh0VDZmZDIwNml5MFlMTzZJVWVpbnE3ClFkcDlhUEZpekRBdTdlbEZLbysxRlpsYUxITTVDNDN0d2t1Y1g4b2ZoTlYrM01zVU1BK3dLbzZRcUVjTDZIZ20KVitiUFF0WDNzUW95eFdsaDV0OWNLbGMxTnBRYXBRTk5yZzhkNERYNTB4ajh1VFgvQTZzVDNvS2R1cEpDaXd5RApTVVFVTS9qY1hHcUw1MEQyc1MwQ0F3RUFBYU5aTUZjd0RnWURWUjBQQVFIL0JBUURBZ0trTUE4R0ExVWRFd0VCCi93UUZNQU1CQWY4d0hRWURWUjBPQkJZRUZLNkFpc3hNb3lYa3YyaWd4d1BNanBXMVlCS2lNQlVHQTFVZEVRUU8KTUF5Q0NtdDFZbVZ5Ym1WMFpYTXdEUVlKS29aSWh2Y05BUUVMQlFBRGdnRUJBQkRsQjFUcmxsbjN4d2ZtMm5hawo1N3UwVzY3aFNWVVNTdkZTZmdZTERYb0Q1WE5aaDcyYXNwaDZQaUdDUzVNT0w5ckM1OUFObTc5Y2d0YUVxbWVtCmw0K0paZm4zNFZsSEkzaEFsczZKVkNmbTNqUmZLaklJVVdLYUFZOU1JYVNmWUtCZWlJdU13bUh6Y3hsY2FCQnkKV2tBVk9aQmxFN3NzNUh6eTRrM2Foa2R5SXN0UnhRbm9Gb3YvWmZSYXlRTG5McVZYbVRhcXowMVFaekhBeDhpVQpuLytNbTk4eE8vSG5oTzdCTXE2VUZtMGpOOGlTaU5zenN1ZGN6Rjc3Szc4OTM4ODg0Ui8vVVJUcklRWUpsNzhuClg2czQ3Mm5NSXJkeE1WRWRTZFc5L3VudFNsYWZjdW5OUW5FdHBhZHdhMHhVNzhjcmxjVUVkcGNuZnlrY1dnd1gKaks4PQotLS0tLUVORCBDRVJUSUZJQ0FURS0tLS0tCg==",
              "cluster_endpoint": "https://09128D6DE1A0E848DADB4D6976C6176B.sk1.ap-northeast-2.eks.amazonaws.com",
              "cluster_name": "prod-eks-cluster",
              "cluster_version": "1.27"
            }
          },
          "sensitive_attributes": [],
          "dependencies": [
            "module.prod.module.dsc_prod_vpc.aws_subnet.private",
            "module.prod.module.dsc_prod_vpc.aws_vpc.vpc",
            "module.prod.module.dsc_prod_vpc.data.aws_availability_zones.available",
            "module.prod.module.eks.aws_cloudwatch_log_group.this",
            "module.prod.module.eks.aws_eks_cluster.this",
            "module.prod.module.eks.aws_iam_policy.cni_ipv6_policy",
            "module.prod.module.eks.aws_iam_role.this",
            "module.prod.module.eks.aws_iam_role_policy_attachment.this",
            "module.prod.module.eks.aws_security_group.cluster",
            "module.prod.module.eks.aws_security_group.node",
            "module.prod.module.eks.aws_security_group_rule.cluster",
            "module.prod.module.eks.aws_security_group_rule.node",
            "module.prod.module.eks.data.aws_iam_policy_document.assume_role_policy",
            "module.prod.module.eks.data.aws_iam_session_context.current",
            "module.prod.module.eks.data.aws_partition.current",
            "module.prod.module.eks.module.kms.aws_kms_external_key.this",
            "module.prod.module.eks.module.kms.aws_kms_key.this",
            "module.prod.module.eks.module.kms.data.aws_caller_identity.current",
            "module.prod.module.eks.module.kms.data.aws_iam_policy_document.this",
            "module.prod.module.eks.module.kms.data.aws_partition.current"
          ]
        }
      ]
    },
    {
      "module": "module.prod.module.eks.module.fargate_profile[\"default\"]",
      "mode": "data",
      "type": "aws_caller_identity",
      "name": "current",
      "provider": "provider[\"registry.terraform.io/hashicorp/aws\"]",
      "instances": [
        {
          "schema_version": 0,
          "attributes": {
            "account_id": "013969630346",
            "arn": "arn:aws:iam::013969630346:user/Orderify",
            "id": "013969630346",
            "user_id": "AIDAQGQFHUSFAXOCDHVIN"
          },
          "sensitive_attributes": []
        }
      ]
    },
    {
      "module": "module.prod.module.eks.module.fargate_profile[\"default\"]",
      "mode": "data",
      "type": "aws_iam_policy_document",
      "name": "assume_role_policy",
      "provider": "provider[\"registry.terraform.io/hashicorp/aws\"]",
      "instances": [
        {
          "index_key": 0,
          "schema_version": 0,
          "attributes": {
            "id": "3567408449",
            "json": "{\n  \"Version\": \"2012-10-17\",\n  \"Statement\": [\n    {\n      \"Sid\": \"\",\n      \"Effect\": \"Allow\",\n      \"Action\": \"sts:AssumeRole\",\n      \"Principal\": {\n        \"Service\": \"eks-fargate-pods.amazonaws.com\"\n      }\n    }\n  ]\n}",
            "override_json": null,
            "override_policy_documents": null,
            "policy_id": null,
            "source_json": null,
            "source_policy_documents": null,
            "statement": [
              {
                "actions": [
                  "sts:AssumeRole"
                ],
                "condition": [],
                "effect": "Allow",
                "not_actions": [],
                "not_principals": [],
                "not_resources": [],
                "principals": [
                  {
                    "identifiers": [
                      "eks-fargate-pods.amazonaws.com"
                    ],
                    "type": "Service"
                  }
                ],
                "resources": [],
                "sid": ""
              }
            ],
            "version": "2012-10-17"
          },
          "sensitive_attributes": []
        }
      ]
    },
    {
      "module": "module.prod.module.eks.module.fargate_profile[\"default\"]",
      "mode": "data",
      "type": "aws_partition",
      "name": "current",
      "provider": "provider[\"registry.terraform.io/hashicorp/aws\"]",
      "instances": [
        {
          "schema_version": 0,
          "attributes": {
            "dns_suffix": "amazonaws.com",
            "id": "aws",
            "partition": "aws",
            "reverse_dns_prefix": "com.amazonaws"
          },
          "sensitive_attributes": []
        }
      ]
    },
    {
      "module": "module.prod.module.eks.module.fargate_profile[\"default\"]",
      "mode": "managed",
      "type": "aws_eks_fargate_profile",
      "name": "this",
      "provider": "provider[\"registry.terraform.io/hashicorp/aws\"]",
      "instances": [
        {
          "index_key": 0,
          "schema_version": 0,
          "attributes": {
            "arn": "arn:aws:eks:ap-northeast-2:013969630346:fargateprofile/prod-eks-cluster/default/d4c44832-6ccb-12f6-e5db-106e9c1291cc",
            "cluster_name": "prod-eks-cluster",
            "fargate_profile_name": "default",
            "id": "prod-eks-cluster:default",
            "pod_execution_role_arn": "arn:aws:iam::013969630346:role/default-20230606105956838800000001",
            "selector": [
              {
                "labels": null,
                "namespace": "default"
              },
              {
                "labels": null,
                "namespace": "kube-system"
              }
            ],
            "status": "ACTIVE",
            "subnet_ids": [
              "subnet-05383b97cc3d5989e",
              "subnet-0ae45e081075d79a9",
              "subnet-0c4be3c8c0aa443ce"
            ],
            "tags": null,
            "tags_all": {},
            "timeouts": {
              "create": null,
              "delete": null
            }
          },
          "sensitive_attributes": [],
          "private": "eyJlMmJmYjczMC1lY2FhLTExZTYtOGY4OC0zNDM2M2JjN2M0YzAiOnsiY3JlYXRlIjo2MDAwMDAwMDAwMDAsImRlbGV0ZSI6NjAwMDAwMDAwMDAwfX0=",
          "dependencies": [
            "module.prod.module.dsc_prod_vpc.aws_subnet.private",
            "module.prod.module.dsc_prod_vpc.aws_vpc.vpc",
            "module.prod.module.dsc_prod_vpc.data.aws_availability_zones.available",
            "module.prod.module.eks.aws_cloudwatch_log_group.this",
            "module.prod.module.eks.aws_eks_cluster.this",
            "module.prod.module.eks.aws_iam_policy.cni_ipv6_policy",
            "module.prod.module.eks.aws_iam_role.this",
            "module.prod.module.eks.aws_iam_role_policy_attachment.this",
            "module.prod.module.eks.aws_security_group.cluster",
            "module.prod.module.eks.aws_security_group.node",
            "module.prod.module.eks.aws_security_group_rule.cluster",
            "module.prod.module.eks.aws_security_group_rule.node",
            "module.prod.module.eks.data.aws_iam_policy_document.assume_role_policy",
            "module.prod.module.eks.data.aws_iam_session_context.current",
            "module.prod.module.eks.data.aws_partition.current",
            "module.prod.module.eks.module.fargate_profile.aws_iam_role.this",
            "module.prod.module.eks.module.fargate_profile.data.aws_iam_policy_document.assume_role_policy",
            "module.prod.module.eks.module.kms.aws_kms_external_key.this",
            "module.prod.module.eks.module.kms.aws_kms_key.this",
            "module.prod.module.eks.module.kms.data.aws_caller_identity.current",
            "module.prod.module.eks.module.kms.data.aws_iam_policy_document.this",
            "module.prod.module.eks.module.kms.data.aws_partition.current",
            "module.prod.module.eks.time_sleep.this"
          ]
        }
      ]
    },
    {
      "module": "module.prod.module.eks.module.fargate_profile[\"default\"]",
      "mode": "managed",
      "type": "aws_iam_role",
      "name": "this",
      "provider": "provider[\"registry.terraform.io/hashicorp/aws\"]",
      "instances": [
        {
          "index_key": 0,
          "schema_version": 0,
          "attributes": {
            "arn": "arn:aws:iam::013969630346:role/default-20230606105956838800000001",
            "assume_role_policy": "{\"Statement\":[{\"Action\":\"sts:AssumeRole\",\"Effect\":\"Allow\",\"Principal\":{\"Service\":\"eks-fargate-pods.amazonaws.com\"},\"Sid\":\"\"}],\"Version\":\"2012-10-17\"}",
            "create_date": "2023-06-06T10:59:57Z",
            "description": "Fargate profile IAM role",
            "force_detach_policies": true,
            "id": "default-20230606105956838800000001",
            "inline_policy": [],
            "managed_policy_arns": [],
            "max_session_duration": 3600,
            "name": "default-20230606105956838800000001",
            "name_prefix": "default-",
            "path": "/",
            "permissions_boundary": null,
            "role_last_used": [
              {
                "last_used_date": "",
                "region": ""
              }
            ],
            "tags": null,
            "tags_all": {},
            "unique_id": "AROAQGQFHUSFEO7T26KCG"
          },
          "sensitive_attributes": [],
          "private": "bnVsbA==",
          "dependencies": [
            "module.prod.module.eks.module.fargate_profile.data.aws_iam_policy_document.assume_role_policy"
          ]
        }
      ]
    },
    {
      "module": "module.prod.module.eks.module.fargate_profile[\"default\"]",
      "mode": "managed",
      "type": "aws_iam_role_policy_attachment",
      "name": "this",
      "provider": "provider[\"registry.terraform.io/hashicorp/aws\"]",
      "instances": [
        {
          "index_key": "arn:aws:iam::aws:policy/AmazonEKSFargatePodExecutionRolePolicy",
          "schema_version": 0,
          "attributes": {
            "id": "default-20230606105956838800000001-20230606105958779200000004",
            "policy_arn": "arn:aws:iam::aws:policy/AmazonEKSFargatePodExecutionRolePolicy",
            "role": "default-20230606105956838800000001"
          },
          "sensitive_attributes": [],
          "private": "bnVsbA==",
          "dependencies": [
            "module.prod.module.eks.module.fargate_profile.aws_iam_role.this",
            "module.prod.module.eks.module.fargate_profile.data.aws_caller_identity.current",
            "module.prod.module.eks.module.fargate_profile.data.aws_iam_policy_document.assume_role_policy",
            "module.prod.module.eks.module.fargate_profile.data.aws_partition.current"
          ]
        },
        {
          "index_key": "arn:aws:iam::aws:policy/AmazonEKS_CNI_Policy",
          "schema_version": 0,
          "attributes": {
            "id": "default-20230606105956838800000001-20230606105958772900000003",
            "policy_arn": "arn:aws:iam::aws:policy/AmazonEKS_CNI_Policy",
            "role": "default-20230606105956838800000001"
          },
          "sensitive_attributes": [],
          "private": "bnVsbA==",
          "dependencies": [
            "module.prod.module.eks.module.fargate_profile.aws_iam_role.this",
            "module.prod.module.eks.module.fargate_profile.data.aws_caller_identity.current",
            "module.prod.module.eks.module.fargate_profile.data.aws_iam_policy_document.assume_role_policy",
            "module.prod.module.eks.module.fargate_profile.data.aws_partition.current"
          ]
        }
      ]
    },
    {
      "module": "module.prod.module.eks.module.kms",
      "mode": "data",
      "type": "aws_caller_identity",
      "name": "current",
      "provider": "provider[\"registry.terraform.io/hashicorp/aws\"]",
      "instances": [
        {
          "schema_version": 0,
          "attributes": {
            "account_id": "013969630346",
            "arn": "arn:aws:iam::013969630346:user/Orderify",
            "id": "013969630346",
            "user_id": "AIDAQGQFHUSFAXOCDHVIN"
          },
          "sensitive_attributes": []
        }
      ]
    },
    {
      "module": "module.prod.module.eks.module.kms",
      "mode": "data",
      "type": "aws_iam_policy_document",
      "name": "this",
      "provider": "provider[\"registry.terraform.io/hashicorp/aws\"]",
      "instances": [
        {
          "index_key": 0,
          "schema_version": 0,
          "attributes": {
            "id": "697131214",
            "json": "{\n  \"Version\": \"2012-10-17\",\n  \"Statement\": [\n    {\n      \"Sid\": \"KeyAdministration\",\n      \"Effect\": \"Allow\",\n      \"Action\": [\n        \"kms:Update*\",\n        \"kms:UntagResource\",\n        \"kms:TagResource\",\n        \"kms:ScheduleKeyDeletion\",\n        \"kms:Revoke*\",\n        \"kms:Put*\",\n        \"kms:List*\",\n        \"kms:Get*\",\n        \"kms:Enable*\",\n        \"kms:Disable*\",\n        \"kms:Describe*\",\n        \"kms:Delete*\",\n        \"kms:Create*\",\n        \"kms:CancelKeyDeletion\"\n      ],\n      \"Resource\": \"*\",\n      \"Principal\": {\n        \"AWS\": \"arn:aws:iam::013969630346:user/Orderify\"\n      }\n    },\n    {\n      \"Sid\": \"KeyUsage\",\n      \"Effect\": \"Allow\",\n      \"Action\": [\n        \"kms:ReEncrypt*\",\n        \"kms:GenerateDataKey*\",\n        \"kms:Encrypt\",\n        \"kms:DescribeKey\",\n        \"kms:Decrypt\"\n      ],\n      \"Resource\": \"*\",\n      \"Principal\": {\n        \"AWS\": \"arn:aws:iam::013969630346:role/prod-eks-cluster-cluster-20230606105956838900000002\"\n      }\n    }\n  ]\n}",
            "override_json": null,
            "override_policy_documents": null,
            "policy_id": null,
            "source_json": null,
            "source_policy_documents": null,
            "statement": [
              {
                "actions": [
                  "kms:CancelKeyDeletion",
                  "kms:Create*",
                  "kms:Delete*",
                  "kms:Describe*",
                  "kms:Disable*",
                  "kms:Enable*",
                  "kms:Get*",
                  "kms:List*",
                  "kms:Put*",
                  "kms:Revoke*",
                  "kms:ScheduleKeyDeletion",
                  "kms:TagResource",
                  "kms:UntagResource",
                  "kms:Update*"
                ],
                "condition": [],
                "effect": "Allow",
                "not_actions": [],
                "not_principals": [],
                "not_resources": [],
                "principals": [
                  {
                    "identifiers": [
                      "arn:aws:iam::013969630346:user/Orderify"
                    ],
                    "type": "AWS"
                  }
                ],
                "resources": [
                  "*"
                ],
                "sid": "KeyAdministration"
              },
              {
                "actions": [
                  "kms:Decrypt",
                  "kms:DescribeKey",
                  "kms:Encrypt",
                  "kms:GenerateDataKey*",
                  "kms:ReEncrypt*"
                ],
                "condition": [],
                "effect": "Allow",
                "not_actions": [],
                "not_principals": [],
                "not_resources": [],
                "principals": [
                  {
                    "identifiers": [
                      "arn:aws:iam::013969630346:role/prod-eks-cluster-cluster-20230606105956838900000002"
                    ],
                    "type": "AWS"
                  }
                ],
                "resources": [
                  "*"
                ],
                "sid": "KeyUsage"
              }
            ],
            "version": "2012-10-17"
          },
          "sensitive_attributes": []
        }
      ]
    },
    {
      "module": "module.prod.module.eks.module.kms",
      "mode": "data",
      "type": "aws_partition",
      "name": "current",
      "provider": "provider[\"registry.terraform.io/hashicorp/aws\"]",
      "instances": [
        {
          "schema_version": 0,
          "attributes": {
            "dns_suffix": "amazonaws.com",
            "id": "aws",
            "partition": "aws",
            "reverse_dns_prefix": "com.amazonaws"
          },
          "sensitive_attributes": []
        }
      ]
    },
    {
      "module": "module.prod.module.eks.module.kms",
      "mode": "managed",
      "type": "aws_kms_alias",
      "name": "this",
      "provider": "provider[\"registry.terraform.io/hashicorp/aws\"]",
      "instances": [
        {
          "index_key": "cluster",
          "schema_version": 0,
          "attributes": {
            "arn": "arn:aws:kms:ap-northeast-2:013969630346:alias/eks/prod-eks-cluster",
            "id": "alias/eks/prod-eks-cluster",
            "name": "alias/eks/prod-eks-cluster",
            "name_prefix": "",
            "target_key_arn": "arn:aws:kms:ap-northeast-2:013969630346:key/687c516f-7450-4ebe-a377-a40ccb001f1d",
            "target_key_id": "687c516f-7450-4ebe-a377-a40ccb001f1d"
          },
          "sensitive_attributes": [],
          "private": "bnVsbA==",
          "dependencies": [
            "module.prod.module.eks.aws_iam_role.this",
            "module.prod.module.eks.data.aws_iam_policy_document.assume_role_policy",
            "module.prod.module.eks.data.aws_iam_session_context.current",
            "module.prod.module.eks.module.kms.aws_kms_external_key.this",
            "module.prod.module.eks.module.kms.aws_kms_key.this",
            "module.prod.module.eks.module.kms.data.aws_caller_identity.current",
            "module.prod.module.eks.module.kms.data.aws_iam_policy_document.this",
            "module.prod.module.eks.module.kms.data.aws_partition.current"
          ]
        }
      ]
    },
    {
      "module": "module.prod.module.eks.module.kms",
      "mode": "managed",
      "type": "aws_kms_external_key",
      "name": "this",
      "provider": "provider[\"registry.terraform.io/hashicorp/aws\"]",
      "instances": []
    },
    {
      "module": "module.prod.module.eks.module.kms",
      "mode": "managed",
      "type": "aws_kms_key",
      "name": "this",
      "provider": "provider[\"registry.terraform.io/hashicorp/aws\"]",
      "instances": [
        {
          "index_key": 0,
          "schema_version": 0,
          "attributes": {
            "arn": "arn:aws:kms:ap-northeast-2:013969630346:key/687c516f-7450-4ebe-a377-a40ccb001f1d",
            "bypass_policy_lockout_safety_check": false,
            "custom_key_store_id": "",
            "customer_master_key_spec": "SYMMETRIC_DEFAULT",
            "deletion_window_in_days": null,
            "description": "prod-eks-cluster cluster encryption key",
            "enable_key_rotation": true,
            "id": "687c516f-7450-4ebe-a377-a40ccb001f1d",
            "is_enabled": true,
            "key_id": "687c516f-7450-4ebe-a377-a40ccb001f1d",
            "key_usage": "ENCRYPT_DECRYPT",
            "multi_region": false,
            "policy": "{\"Statement\":[{\"Action\":[\"kms:Update*\",\"kms:UntagResource\",\"kms:TagResource\",\"kms:ScheduleKeyDeletion\",\"kms:Revoke*\",\"kms:Put*\",\"kms:List*\",\"kms:Get*\",\"kms:Enable*\",\"kms:Disable*\",\"kms:Describe*\",\"kms:Delete*\",\"kms:Create*\",\"kms:CancelKeyDeletion\"],\"Effect\":\"Allow\",\"Principal\":{\"AWS\":\"arn:aws:iam::013969630346:user/Orderify\"},\"Resource\":\"*\",\"Sid\":\"KeyAdministration\"},{\"Action\":[\"kms:ReEncrypt*\",\"kms:GenerateDataKey*\",\"kms:Encrypt\",\"kms:DescribeKey\",\"kms:Decrypt\"],\"Effect\":\"Allow\",\"Principal\":{\"AWS\":\"arn:aws:iam::013969630346:role/prod-eks-cluster-cluster-20230606105956838900000002\"},\"Resource\":\"*\",\"Sid\":\"KeyUsage\"}],\"Version\":\"2012-10-17\"}",
            "tags": null,
            "tags_all": {}
          },
          "sensitive_attributes": [],
          "private": "bnVsbA==",
          "dependencies": [
            "module.prod.module.eks.aws_iam_role.this",
            "module.prod.module.eks.data.aws_iam_policy_document.assume_role_policy",
            "module.prod.module.eks.data.aws_iam_session_context.current",
            "module.prod.module.eks.module.kms.data.aws_caller_identity.current",
            "module.prod.module.eks.module.kms.data.aws_iam_policy_document.this",
            "module.prod.module.eks.module.kms.data.aws_partition.current"
          ]
        }
      ]
    }
  ],
  "check_results": null
}
